// !$*UTF8*$!
{
	archiveVersion = 1;
	classes = {
	};
	objectVersion = 46;
	objects = {

/* Begin PBXAggregateTarget section */
		FB2A12C620A8382B54FC3E20 /* viator-de-noiser - All */ = {
			isa = PBXAggregateTarget;
			buildConfigurationList = F60B2BD60850AB341BB909D1;
			buildPhases = (
			);
			dependencies = (
				43854E2D47963ACF959421D7,
				FAFDC5BBCB8B49D36CFCEAEE,
				B574B7EAB2D0C9B7CA074260,
				CACDBEDA75D93013010FCB01,
			);
			name = "viator-de-noiser - All";
			productName = "viator-de-noiser";
		};
/* End PBXAggregateTarget section */

/* Begin PBXBuildFile section */
		0075A49E4E0BCD832230ABDD /* Standalone Plugin */ = {isa = PBXBuildFile; fileRef = FD92A73806898C3FF5BD7B43; };
		0ABA0867E2E816F2019D38FA /* AU */ = {isa = PBXBuildFile; fileRef = E1158D290BA0B908AF4502E3; };
		10E0E3EA4FACDA8D283E3EED /* PresetBrowser.cpp */ = {isa = PBXBuildFile; fileRef = B7876D86274DB92BD96676ED; };
		14A3564B6E761AD9EA634A99 /* Header.cpp */ = {isa = PBXBuildFile; fileRef = 0F21C60CE53454ACAD59DE69; };
		1B3AFF8B0CE31A665D172D5B /* AudioUnit.framework */ = {isa = PBXBuildFile; fileRef = BA7BA45CDF92C20565086ADD; };
		1BEB4D0D664EE2BABA626CAC /* include_juce_gui_basics.mm */ = {isa = PBXBuildFile; fileRef = 6D13593422FF691852968EC4; };
		1BEED92855D4A805FB22BA93 /* include_juce_audio_plugin_client_ARA.cpp */ = {isa = PBXBuildFile; fileRef = 5DD39F6688227C6EFF5470E4; };
		1C914808B489E375C1A91E3B /* include_juce_audio_plugin_client_VST_utils.mm */ = {isa = PBXBuildFile; fileRef = 5B535156D4757C4D48252411; };
		218A0D0E0E9D5D1F5D1E092D /* RecentFilesMenuTemplate.nib */ = {isa = PBXBuildFile; fileRef = 4B642CA0F107F4D571820FC7; };
		2AC1AD190B06C488BA3BB666 /* include_juce_audio_processors_ara.cpp */ = {isa = PBXBuildFile; fileRef = 9C4510D0B3E025A44FF1854D; };
		2AEEB12DD389F6556148E7EB /* include_juce_data_structures.mm */ = {isa = PBXBuildFile; fileRef = 141F544DEA039474B7A9997E; };
		2C0527789E27C110B232E735 /* Colors.cpp */ = {isa = PBXBuildFile; fileRef = AED49A236DDF6F6403B63B9F; };
		2F3B43BE94191B57E82D8512 /* IOKit.framework */ = {isa = PBXBuildFile; fileRef = 11EF1139285806BF279BCF6F; };
		344A161E988F5B8E83E7A316 /* CoreAudioKit.framework */ = {isa = PBXBuildFile; fileRef = 05DF323B78D94F7CBEE4B2AF; };
		384876FFDC20D478937CE54A /* WebKit.framework */ = {isa = PBXBuildFile; fileRef = 07071AE213D3AC37A5D70F8C; };
		430376E348A1351529F12D5B /* include_viator_modules.cpp */ = {isa = PBXBuildFile; fileRef = ED390AE47EAF88328212FEBB; };
		4645235DC952AB0B88136465 /* CoreAudio.framework */ = {isa = PBXBuildFile; fileRef = 48FD88B33CF5D53815914AF9; };
		4A6331F7FB2DEC0BEE944056 /* PluginEditor.cpp */ = {isa = PBXBuildFile; fileRef = 60B3B075A4A0D0FCDA76593A; };
		4C82617B459E444E9D26A10E /* include_juce_core.mm */ = {isa = PBXBuildFile; fileRef = 5E3AFE3042A190B984A8BB87; };
		4CDE3B80E4514E0CA74165EF /* include_juce_audio_basics.mm */ = {isa = PBXBuildFile; fileRef = EE3F8EB9FB957FDFBEA7B445; };
		51CC02D6FDF01EAD15E0E9B3 /* include_juce_audio_devices.mm */ = {isa = PBXBuildFile; fileRef = 40782B04B0005E8926D7E487; };
		6000A4303E9E6CB25515DDD4 /* include_juce_audio_plugin_client_AU_1.mm */ = {isa = PBXBuildFile; fileRef = 0114B09DEC7A542449335DB3; };
		69E7F93E513058ACC221BAE0 /* include_juce_audio_plugin_client_VST3.cpp */ = {isa = PBXBuildFile; fileRef = 6ADF06C53E1857B2BABB3E7E; };
		74FD6FCD1B28CE33BAE39922 /* Parameters.cpp */ = {isa = PBXBuildFile; fileRef = 21519DA8997102D046469C1D; };
		8535DA66947CACDB41C036A2 /* include_juce_graphics.mm */ = {isa = PBXBuildFile; fileRef = 66D83E701CAE27AA3B9BB2AE; };
		863FB72AF86D1ED1888933AE /* include_juce_dsp.mm */ = {isa = PBXBuildFile; fileRef = D87320C28EA7CACA258EC0EC; };
		89B41A91FA8B24052F0C2507 /* Shared Code */ = {isa = PBXBuildFile; fileRef = 96D05931010965B0192E14BB; };
		8FEA86054447784C4C1D4414 /* BinaryData.cpp */ = {isa = PBXBuildFile; fileRef = 47AA34D3B7E79034A52105B0; };
		90A4E18BA14E1FC16A5D9191 /* include_juce_audio_processors.mm */ = {isa = PBXBuildFile; fileRef = D8AC04695AEDD1381AA45A41; };
		A29E653316484A3056E5F39A /* include_juce_audio_plugin_client_AU_2.mm */ = {isa = PBXBuildFile; fileRef = 932F1DFF76473976D3C5989D; };
		A8AA34CB6DCD75CDF443DBB6 /* BinaryData2.cpp */ = {isa = PBXBuildFile; fileRef = 1F6586BAE93C122027D29FC1; };
		A928BA75F4DFE10363966382 /* AudioToolbox.framework */ = {isa = PBXBuildFile; fileRef = 371796F0F22838B0BA15F2C8; };
		AAA068B79597A43631157B73 /* DiscRecording.framework */ = {isa = PBXBuildFile; fileRef = 3D726A0C9980CEEC9788682F; };
		AFB398D2A69BBD0E8B4A129A /* SettingsPage.cpp */ = {isa = PBXBuildFile; fileRef = 08A721B44F0892F82EA1B47A; };
		B17252E5E07A6CD87D64EB1E /* include_juce_audio_plugin_client_utils.cpp */ = {isa = PBXBuildFile; fileRef = 857DEC066B105FA261C761CF; };
		B510E595EB7CF00A4CF9168F /* include_juce_audio_formats.mm */ = {isa = PBXBuildFile; fileRef = 071887E1B0C28725FDADFAA5; };
		B7895FE1F255097D7FBCDE8A /* QuartzCore.framework */ = {isa = PBXBuildFile; fileRef = E8890B5CE851B2EFBD85E23F; };
		BDF399F715AC44FDB2B44D46 /* VST3 */ = {isa = PBXBuildFile; fileRef = 56D728B9B4591BA307BD4E4B; };
		C13C001D98F5977B293EB5F7 /* include_juce_events.mm */ = {isa = PBXBuildFile; fileRef = 2F17AD23A7BF607BA5051D55; };
		CD721E9249B279ACB6166451 /* include_juce_gui_extra.mm */ = {isa = PBXBuildFile; fileRef = 1D71112A469EC87E306A9A43; };
		CDBFE277D453203BF20A9BFE /* Globals.cpp */ = {isa = PBXBuildFile; fileRef = 95A2DDDCC6F54C3AEE09A508; };
		CE075ED298F32960217A7CB9 /* Accelerate.framework */ = {isa = PBXBuildFile; fileRef = F3EB075806DBC8ADA4D9CFAE; };
		D09EF27ED93CF9BBFA23BA9B /* Cocoa.framework */ = {isa = PBXBuildFile; fileRef = FD480C21AF8F15F7E0844DCB; };
		D36428DFEAE665B93560D9B9 /* NavBar.cpp */ = {isa = PBXBuildFile; fileRef = 7FFA6AAC73951CEE9241D2E8; };
		DA6D8C3882018816A668E372 /* include_juce_audio_plugin_client_Standalone.cpp */ = {isa = PBXBuildFile; fileRef = 55D66C675E281237EE93DEBC; };
		DAF8FB9D89390855BEF4EFDB /* include_juce_audio_processors_lv2_libs.cpp */ = {isa = PBXBuildFile; fileRef = 3A19B240490E0F1AE0001262; };
		E085717EC8932F00973A07D5 /* PluginProcessor.cpp */ = {isa = PBXBuildFile; fileRef = E21D4618C1118C5833A0701A; };
		F460D3CA29EEFAF193764CF4 /* include_juce_audio_utils.mm */ = {isa = PBXBuildFile; fileRef = D1F5BF4A55C978DE365948DA; };
		F465042DA82380B12E201F0E /* CoreMIDI.framework */ = {isa = PBXBuildFile; fileRef = 516F9E9586DB574A41CA67D0; };
		FACAE77F3E39C4364644248B /* Foundation.framework */ = {isa = PBXBuildFile; fileRef = 859884049AF2B85E52981A6B; };
/* End PBXBuildFile section */

/* Begin PBXFileReference section */
		0114B09DEC7A542449335DB3 /* include_juce_audio_plugin_client_AU_1.mm */ /* include_juce_audio_plugin_client_AU_1.mm */ = {isa = PBXFileReference; lastKnownFileType = sourcecode.cpp.objcpp; name = include_juce_audio_plugin_client_AU_1.mm; path = ../../JuceLibraryCode/include_juce_audio_plugin_client_AU_1.mm; sourceTree = SOURCE_ROOT; };
		02233731379E83D7894A7318 /* juce_gui_extra */ /* juce_gui_extra */ = {isa = PBXFileReference; lastKnownFileType = folder; name = juce_gui_extra; path = ../../../modules/JUCE/modules/juce_gui_extra; sourceTree = SOURCE_ROOT; };
		05DF323B78D94F7CBEE4B2AF /* CoreAudioKit.framework */ /* CoreAudioKit.framework */ = {isa = PBXFileReference; lastKnownFileType = wrapper.framework; name = CoreAudioKit.framework; path = System/Library/Frameworks/CoreAudioKit.framework; sourceTree = SDKROOT; };
		07071AE213D3AC37A5D70F8C /* WebKit.framework */ /* WebKit.framework */ = {isa = PBXFileReference; lastKnownFileType = wrapper.framework; name = WebKit.framework; path = System/Library/Frameworks/WebKit.framework; sourceTree = SDKROOT; };
		071887E1B0C28725FDADFAA5 /* include_juce_audio_formats.mm */ /* include_juce_audio_formats.mm */ = {isa = PBXFileReference; lastKnownFileType = sourcecode.cpp.objcpp; name = include_juce_audio_formats.mm; path = ../../JuceLibraryCode/include_juce_audio_formats.mm; sourceTree = SOURCE_ROOT; };
		08A721B44F0892F82EA1B47A /* SettingsPage.cpp */ /* SettingsPage.cpp */ = {isa = PBXFileReference; lastKnownFileType = sourcecode.cpp.cpp; name = SettingsPage.cpp; path = ../../Source/components/SettingsPage.cpp; sourceTree = SOURCE_ROOT; };
		09BBC8ED44185B5C6A3AFD6F /* juce_events */ /* juce_events */ = {isa = PBXFileReference; lastKnownFileType = folder; name = juce_events; path = ../../../modules/JUCE/modules/juce_events; sourceTree = SOURCE_ROOT; };
		0AEC6974A167C7536F6080E7 /* Header.h */ /* Header.h */ = {isa = PBXFileReference; lastKnownFileType = sourcecode.c.h; name = Header.h; path = ../../Source/components/Header.h; sourceTree = SOURCE_ROOT; };
		0F21C60CE53454ACAD59DE69 /* Header.cpp */ /* Header.cpp */ = {isa = PBXFileReference; lastKnownFileType = sourcecode.cpp.cpp; name = Header.cpp; path = ../../Source/components/Header.cpp; sourceTree = SOURCE_ROOT; };
		1093FB8BA51CF2F94B7CDA54 /* juce_audio_processors */ /* juce_audio_processors */ = {isa = PBXFileReference; lastKnownFileType = folder; name = juce_audio_processors; path = ../../../modules/JUCE/modules/juce_audio_processors; sourceTree = SOURCE_ROOT; };
		11EF1139285806BF279BCF6F /* IOKit.framework */ /* IOKit.framework */ = {isa = PBXFileReference; lastKnownFileType = wrapper.framework; name = IOKit.framework; path = System/Library/Frameworks/IOKit.framework; sourceTree = SDKROOT; };
		141F544DEA039474B7A9997E /* include_juce_data_structures.mm */ /* include_juce_data_structures.mm */ = {isa = PBXFileReference; lastKnownFileType = sourcecode.cpp.objcpp; name = include_juce_data_structures.mm; path = ../../JuceLibraryCode/include_juce_data_structures.mm; sourceTree = SOURCE_ROOT; };
		16237E864B6533A2F2766599 /* vu_meter.png */ /* vu_meter.png */ = {isa = PBXFileReference; lastKnownFileType = image.png; name = vu_meter.png; path = "../../Source/Assets/vu-meter/vu_meter.png"; sourceTree = SOURCE_ROOT; };
		1B728E9423F085818452BAEA /* juce_audio_formats */ /* juce_audio_formats */ = {isa = PBXFileReference; lastKnownFileType = folder; name = juce_audio_formats; path = ../../../modules/JUCE/modules/juce_audio_formats; sourceTree = SOURCE_ROOT; };
		1D71112A469EC87E306A9A43 /* include_juce_gui_extra.mm */ /* include_juce_gui_extra.mm */ = {isa = PBXFileReference; lastKnownFileType = sourcecode.cpp.objcpp; name = include_juce_gui_extra.mm; path = ../../JuceLibraryCode/include_juce_gui_extra.mm; sourceTree = SOURCE_ROOT; };
		1F6586BAE93C122027D29FC1 /* BinaryData2.cpp */ /* BinaryData2.cpp */ = {isa = PBXFileReference; lastKnownFileType = sourcecode.cpp.cpp; name = BinaryData2.cpp; path = ../../JuceLibraryCode/BinaryData2.cpp; sourceTree = SOURCE_ROOT; };
		21519DA8997102D046469C1D /* Parameters.cpp */ /* Parameters.cpp */ = {isa = PBXFileReference; lastKnownFileType = sourcecode.cpp.cpp; name = Parameters.cpp; path = ../../Source/Globals/Parameters.cpp; sourceTree = SOURCE_ROOT; };
		21815E801035C8B1079BD25B /* Colors.h */ /* Colors.h */ = {isa = PBXFileReference; lastKnownFileType = sourcecode.c.h; name = Colors.h; path = ../../Source/LAF/Colors.h; sourceTree = SOURCE_ROOT; };
		28C3C9920F4AD07F31B21CC7 /* Globals.h */ /* Globals.h */ = {isa = PBXFileReference; lastKnownFileType = sourcecode.c.h; name = Globals.h; path = ../../Source/Globals/Globals.h; sourceTree = SOURCE_ROOT; };
		2F17AD23A7BF607BA5051D55 /* include_juce_events.mm */ /* include_juce_events.mm */ = {isa = PBXFileReference; lastKnownFileType = sourcecode.cpp.objcpp; name = include_juce_events.mm; path = ../../JuceLibraryCode/include_juce_events.mm; sourceTree = SOURCE_ROOT; };
		3282FC456EF4F15D93728A05 /* juce_gui_basics */ /* juce_gui_basics */ = {isa = PBXFileReference; lastKnownFileType = folder; name = juce_gui_basics; path = ../../../modules/JUCE/modules/juce_gui_basics; sourceTree = SOURCE_ROOT; };
		349F8CFCB75ED393D46EC82A /* juce_graphics */ /* juce_graphics */ = {isa = PBXFileReference; lastKnownFileType = folder; name = juce_graphics; path = ../../../modules/JUCE/modules/juce_graphics; sourceTree = SOURCE_ROOT; };
		371796F0F22838B0BA15F2C8 /* AudioToolbox.framework */ /* AudioToolbox.framework */ = {isa = PBXFileReference; lastKnownFileType = wrapper.framework; name = AudioToolbox.framework; path = System/Library/Frameworks/AudioToolbox.framework; sourceTree = SDKROOT; };
		3A19B240490E0F1AE0001262 /* include_juce_audio_processors_lv2_libs.cpp */ /* include_juce_audio_processors_lv2_libs.cpp */ = {isa = PBXFileReference; lastKnownFileType = sourcecode.cpp.cpp; name = include_juce_audio_processors_lv2_libs.cpp; path = ../../JuceLibraryCode/include_juce_audio_processors_lv2_libs.cpp; sourceTree = SOURCE_ROOT; };
		3D726A0C9980CEEC9788682F /* DiscRecording.framework */ /* DiscRecording.framework */ = {isa = PBXFileReference; lastKnownFileType = wrapper.framework; name = DiscRecording.framework; path = System/Library/Frameworks/DiscRecording.framework; sourceTree = SDKROOT; };
		3E60A30DDCFE0731A2CBB1F6 /* JuceHeader.h */ /* JuceHeader.h */ = {isa = PBXFileReference; lastKnownFileType = sourcecode.c.h; name = JuceHeader.h; path = ../../JuceLibraryCode/JuceHeader.h; sourceTree = SOURCE_ROOT; };
		40782B04B0005E8926D7E487 /* include_juce_audio_devices.mm */ /* include_juce_audio_devices.mm */ = {isa = PBXFileReference; lastKnownFileType = sourcecode.cpp.objcpp; name = include_juce_audio_devices.mm; path = ../../JuceLibraryCode/include_juce_audio_devices.mm; sourceTree = SOURCE_ROOT; };
		47AA34D3B7E79034A52105B0 /* BinaryData.cpp */ /* BinaryData.cpp */ = {isa = PBXFileReference; lastKnownFileType = sourcecode.cpp.cpp; name = BinaryData.cpp; path = ../../JuceLibraryCode/BinaryData.cpp; sourceTree = SOURCE_ROOT; };
		48FD88B33CF5D53815914AF9 /* CoreAudio.framework */ /* CoreAudio.framework */ = {isa = PBXFileReference; lastKnownFileType = wrapper.framework; name = CoreAudio.framework; path = System/Library/Frameworks/CoreAudio.framework; sourceTree = SDKROOT; };
		4B642CA0F107F4D571820FC7 /* RecentFilesMenuTemplate.nib */ /* RecentFilesMenuTemplate.nib */ = {isa = PBXFileReference; lastKnownFileType = file.nib; name = RecentFilesMenuTemplate.nib; path = RecentFilesMenuTemplate.nib; sourceTree = SOURCE_ROOT; };
		4B76FDF5332066DE69881147 /* NavBar.h */ /* NavBar.h */ = {isa = PBXFileReference; lastKnownFileType = sourcecode.c.h; name = NavBar.h; path = ../../Source/components/NavBar.h; sourceTree = SOURCE_ROOT; };
		4F17E308B970265BB020F5EA /* juce_dsp */ /* juce_dsp */ = {isa = PBXFileReference; lastKnownFileType = folder; name = juce_dsp; path = ../../../modules/JUCE/modules/juce_dsp; sourceTree = SOURCE_ROOT; };
		516F9E9586DB574A41CA67D0 /* CoreMIDI.framework */ /* CoreMIDI.framework */ = {isa = PBXFileReference; lastKnownFileType = wrapper.framework; name = CoreMIDI.framework; path = System/Library/Frameworks/CoreMIDI.framework; sourceTree = SDKROOT; };
		52D0E5466B902309E81C5BF4 /* includes.h */ /* includes.h */ = {isa = PBXFileReference; lastKnownFileType = sourcecode.c.h; name = includes.h; path = ../../Source/includes.h; sourceTree = SOURCE_ROOT; };
		55D66C675E281237EE93DEBC /* include_juce_audio_plugin_client_Standalone.cpp */ /* include_juce_audio_plugin_client_Standalone.cpp */ = {isa = PBXFileReference; lastKnownFileType = sourcecode.cpp.cpp; name = include_juce_audio_plugin_client_Standalone.cpp; path = ../../JuceLibraryCode/include_juce_audio_plugin_client_Standalone.cpp; sourceTree = SOURCE_ROOT; };
		56D728B9B4591BA307BD4E4B /* VST3 */ = {isa = PBXFileReference; explicitFileType = wrapper.cfbundle; includeInIndex = 0; path = "viator-de-noiser.vst3"; sourceTree = BUILT_PRODUCTS_DIR; };
		583F8E3C3D6E5A01F63685C6 /* scale_vu-meterno_name.png */ /* scale_vu-meterno_name.png */ = {isa = PBXFileReference; lastKnownFileType = image.png; name = "scale_vu-meterno_name.png"; path = "../../Source/Assets/vu-meter/scale_vu-meterno_name.png"; sourceTree = SOURCE_ROOT; };
		5B37157BD0D5236A9C4AE677 /* SettingsPage.h */ /* SettingsPage.h */ = {isa = PBXFileReference; lastKnownFileType = sourcecode.c.h; name = SettingsPage.h; path = ../../Source/components/SettingsPage.h; sourceTree = SOURCE_ROOT; };
		5B535156D4757C4D48252411 /* include_juce_audio_plugin_client_VST_utils.mm */ /* include_juce_audio_plugin_client_VST_utils.mm */ = {isa = PBXFileReference; lastKnownFileType = sourcecode.cpp.objcpp; name = include_juce_audio_plugin_client_VST_utils.mm; path = ../../JuceLibraryCode/include_juce_audio_plugin_client_VST_utils.mm; sourceTree = SOURCE_ROOT; };
		5CF12411C6A0737B4B0CE83C /* viator_modules */ /* viator_modules */ = {isa = PBXFileReference; lastKnownFileType = folder; name = viator_modules; path = ../../JuceLibraryCode/modules/viator_modules; sourceTree = SOURCE_ROOT; };
		5DD39F6688227C6EFF5470E4 /* include_juce_audio_plugin_client_ARA.cpp */ /* include_juce_audio_plugin_client_ARA.cpp */ = {isa = PBXFileReference; lastKnownFileType = sourcecode.cpp.cpp; name = include_juce_audio_plugin_client_ARA.cpp; path = ../../JuceLibraryCode/include_juce_audio_plugin_client_ARA.cpp; sourceTree = SOURCE_ROOT; };
		5E3AFE3042A190B984A8BB87 /* include_juce_core.mm */ /* include_juce_core.mm */ = {isa = PBXFileReference; lastKnownFileType = sourcecode.cpp.objcpp; name = include_juce_core.mm; path = ../../JuceLibraryCode/include_juce_core.mm; sourceTree = SOURCE_ROOT; };
		60B3B075A4A0D0FCDA76593A /* PluginEditor.cpp */ /* PluginEditor.cpp */ = {isa = PBXFileReference; lastKnownFileType = sourcecode.cpp.cpp; name = PluginEditor.cpp; path = ../../Source/PluginEditor.cpp; sourceTree = SOURCE_ROOT; };
		61033CBFCEFA61804DB57CA2 /* juce_core */ /* juce_core */ = {isa = PBXFileReference; lastKnownFileType = folder; name = juce_core; path = ../../../modules/JUCE/modules/juce_core; sourceTree = SOURCE_ROOT; };
		66D83E701CAE27AA3B9BB2AE /* include_juce_graphics.mm */ /* include_juce_graphics.mm */ = {isa = PBXFileReference; lastKnownFileType = sourcecode.cpp.objcpp; name = include_juce_graphics.mm; path = ../../JuceLibraryCode/include_juce_graphics.mm; sourceTree = SOURCE_ROOT; };
		6ADF06C53E1857B2BABB3E7E /* include_juce_audio_plugin_client_VST3.cpp */ /* include_juce_audio_plugin_client_VST3.cpp */ = {isa = PBXFileReference; lastKnownFileType = sourcecode.cpp.cpp; name = include_juce_audio_plugin_client_VST3.cpp; path = ../../JuceLibraryCode/include_juce_audio_plugin_client_VST3.cpp; sourceTree = SOURCE_ROOT; };
		6C247CA92C6D0A95D442A3F2 /* Info-VST3.plist */ /* Info-VST3.plist */ = {isa = PBXFileReference; lastKnownFileType = text.plist.xml; name = "Info-VST3.plist"; path = "Info-VST3.plist"; sourceTree = SOURCE_ROOT; };
		6D13593422FF691852968EC4 /* include_juce_gui_basics.mm */ /* include_juce_gui_basics.mm */ = {isa = PBXFileReference; lastKnownFileType = sourcecode.cpp.objcpp; name = include_juce_gui_basics.mm; path = ../../JuceLibraryCode/include_juce_gui_basics.mm; sourceTree = SOURCE_ROOT; };
		6D1BA0669B23E6E40B83FE05 /* PluginEditor.h */ /* PluginEditor.h */ = {isa = PBXFileReference; lastKnownFileType = sourcecode.c.h; name = PluginEditor.h; path = ../../Source/PluginEditor.h; sourceTree = SOURCE_ROOT; };
		6F85751AA1A10FC8ED2FAC7E /* juce_data_structures */ /* juce_data_structures */ = {isa = PBXFileReference; lastKnownFileType = folder; name = juce_data_structures; path = ../../../modules/JUCE/modules/juce_data_structures; sourceTree = SOURCE_ROOT; };
		6FAF2D82F81C8C9F4F94762C /* juce_audio_plugin_client */ /* juce_audio_plugin_client */ = {isa = PBXFileReference; lastKnownFileType = folder; name = juce_audio_plugin_client; path = ../../../modules/JUCE/modules/juce_audio_plugin_client; sourceTree = SOURCE_ROOT; };
		7757B2C3FFBF5957780211D5 /* scale_vu-meter.png */ /* scale_vu-meter.png */ = {isa = PBXFileReference; lastKnownFileType = image.png; name = "scale_vu-meter.png"; path = "../../Source/Assets/vu-meter/scale_vu-meter.png"; sourceTree = SOURCE_ROOT; };
		7BF301C3FFA3A7168A60959C /* Info-Standalone_Plugin.plist */ /* Info-Standalone_Plugin.plist */ = {isa = PBXFileReference; lastKnownFileType = text.plist.xml; name = "Info-Standalone_Plugin.plist"; path = "Info-Standalone_Plugin.plist"; sourceTree = SOURCE_ROOT; };
		7FFA6AAC73951CEE9241D2E8 /* NavBar.cpp */ /* NavBar.cpp */ = {isa = PBXFileReference; lastKnownFileType = sourcecode.cpp.cpp; name = NavBar.cpp; path = ../../Source/components/NavBar.cpp; sourceTree = SOURCE_ROOT; };
		800F6B503E1D33AD30BE9485 /* landon.png */ /* landon.png */ = {isa = PBXFileReference; lastKnownFileType = image.png; name = landon.png; path = ../../Source/Assets/landon.png; sourceTree = SOURCE_ROOT; };
		857DEC066B105FA261C761CF /* include_juce_audio_plugin_client_utils.cpp */ /* include_juce_audio_plugin_client_utils.cpp */ = {isa = PBXFileReference; lastKnownFileType = sourcecode.cpp.cpp; name = include_juce_audio_plugin_client_utils.cpp; path = ../../JuceLibraryCode/include_juce_audio_plugin_client_utils.cpp; sourceTree = SOURCE_ROOT; };
		859884049AF2B85E52981A6B /* Foundation.framework */ /* Foundation.framework */ = {isa = PBXFileReference; lastKnownFileType = wrapper.framework; name = Foundation.framework; path = System/Library/Frameworks/Foundation.framework; sourceTree = SDKROOT; };
		932F1DFF76473976D3C5989D /* include_juce_audio_plugin_client_AU_2.mm */ /* include_juce_audio_plugin_client_AU_2.mm */ = {isa = PBXFileReference; lastKnownFileType = sourcecode.cpp.objcpp; name = include_juce_audio_plugin_client_AU_2.mm; path = ../../JuceLibraryCode/include_juce_audio_plugin_client_AU_2.mm; sourceTree = SOURCE_ROOT; };
		95A2DDDCC6F54C3AEE09A508 /* Globals.cpp */ /* Globals.cpp */ = {isa = PBXFileReference; lastKnownFileType = sourcecode.cpp.cpp; name = Globals.cpp; path = ../../Source/Globals/Globals.cpp; sourceTree = SOURCE_ROOT; };
		96D05931010965B0192E14BB /* Shared Code */ = {isa = PBXFileReference; explicitFileType = archive.ar; includeInIndex = 0; path = "libviator-de-noiser.a"; sourceTree = BUILT_PRODUCTS_DIR; };
		9C4510D0B3E025A44FF1854D /* include_juce_audio_processors_ara.cpp */ /* include_juce_audio_processors_ara.cpp */ = {isa = PBXFileReference; lastKnownFileType = sourcecode.cpp.cpp; name = include_juce_audio_processors_ara.cpp; path = ../../JuceLibraryCode/include_juce_audio_processors_ara.cpp; sourceTree = SOURCE_ROOT; };
		A33A704CBECC159231B04607 /* PluginProcessor.h */ /* PluginProcessor.h */ = {isa = PBXFileReference; lastKnownFileType = sourcecode.c.h; name = PluginProcessor.h; path = ../../Source/PluginProcessor.h; sourceTree = SOURCE_ROOT; };
		AC12889C66EB6CA492717A40 /* juce_audio_devices */ /* juce_audio_devices */ = {isa = PBXFileReference; lastKnownFileType = folder; name = juce_audio_devices; path = ../../../modules/JUCE/modules/juce_audio_devices; sourceTree = SOURCE_ROOT; };
		AED49A236DDF6F6403B63B9F /* Colors.cpp */ /* Colors.cpp */ = {isa = PBXFileReference; lastKnownFileType = sourcecode.cpp.cpp; name = Colors.cpp; path = ../../Source/LAF/Colors.cpp; sourceTree = SOURCE_ROOT; };
		B7876D86274DB92BD96676ED /* PresetBrowser.cpp */ /* PresetBrowser.cpp */ = {isa = PBXFileReference; lastKnownFileType = sourcecode.cpp.cpp; name = PresetBrowser.cpp; path = ../../Source/components/PresetBrowser.cpp; sourceTree = SOURCE_ROOT; };
		BA7BA45CDF92C20565086ADD /* AudioUnit.framework */ /* AudioUnit.framework */ = {isa = PBXFileReference; lastKnownFileType = wrapper.framework; name = AudioUnit.framework; path = System/Library/Frameworks/AudioUnit.framework; sourceTree = SDKROOT; };
		C030454D72D991C218FB815A /* JucePluginDefines.h */ /* JucePluginDefines.h */ = {isa = PBXFileReference; lastKnownFileType = sourcecode.c.h; name = JucePluginDefines.h; path = ../../JuceLibraryCode/JucePluginDefines.h; sourceTree = SOURCE_ROOT; };
		C52D153A53CB3ACE297AA35E /* juce_audio_basics */ /* juce_audio_basics */ = {isa = PBXFileReference; lastKnownFileType = folder; name = juce_audio_basics; path = ../../JuceLibraryCode/modules/juce_audio_basics; sourceTree = SOURCE_ROOT; };
		D049E3A3145EA62239EDF150 /* back_vu-meter_decore5.png */ /* back_vu-meter_decore5.png */ = {isa = PBXFileReference; lastKnownFileType = image.png; name = "back_vu-meter_decore5.png"; path = "../../Source/Assets/vu-meter/back_vu-meter_decore5.png"; sourceTree = SOURCE_ROOT; };
		D1F5BF4A55C978DE365948DA /* include_juce_audio_utils.mm */ /* include_juce_audio_utils.mm */ = {isa = PBXFileReference; lastKnownFileType = sourcecode.cpp.objcpp; name = include_juce_audio_utils.mm; path = ../../JuceLibraryCode/include_juce_audio_utils.mm; sourceTree = SOURCE_ROOT; };
		D87320C28EA7CACA258EC0EC /* include_juce_dsp.mm */ /* include_juce_dsp.mm */ = {isa = PBXFileReference; lastKnownFileType = sourcecode.cpp.objcpp; name = include_juce_dsp.mm; path = ../../JuceLibraryCode/include_juce_dsp.mm; sourceTree = SOURCE_ROOT; };
		D8AC04695AEDD1381AA45A41 /* include_juce_audio_processors.mm */ /* include_juce_audio_processors.mm */ = {isa = PBXFileReference; lastKnownFileType = sourcecode.cpp.objcpp; name = include_juce_audio_processors.mm; path = ../../JuceLibraryCode/include_juce_audio_processors.mm; sourceTree = SOURCE_ROOT; };
		DB9C7F5B2AF2FE67E2AD397F /* Info-AU.plist */ /* Info-AU.plist */ = {isa = PBXFileReference; lastKnownFileType = text.plist.xml; name = "Info-AU.plist"; path = "Info-AU.plist"; sourceTree = SOURCE_ROOT; };
		DBCC8DAE8511CB72E3B5FE83 /* juce_audio_utils */ /* juce_audio_utils */ = {isa = PBXFileReference; lastKnownFileType = folder; name = juce_audio_utils; path = ../../../modules/JUCE/modules/juce_audio_utils; sourceTree = SOURCE_ROOT; };
		E0E838E9DB3995670578B097 /* BinaryData.h */ /* BinaryData.h */ = {isa = PBXFileReference; lastKnownFileType = sourcecode.c.h; name = BinaryData.h; path = ../../JuceLibraryCode/BinaryData.h; sourceTree = SOURCE_ROOT; };
		E1158D290BA0B908AF4502E3 /* AU */ = {isa = PBXFileReference; explicitFileType = wrapper.cfbundle; includeInIndex = 0; path = "viator-de-noiser.component"; sourceTree = BUILT_PRODUCTS_DIR; };
		E21D4618C1118C5833A0701A /* PluginProcessor.cpp */ /* PluginProcessor.cpp */ = {isa = PBXFileReference; lastKnownFileType = sourcecode.cpp.cpp; name = PluginProcessor.cpp; path = ../../Source/PluginProcessor.cpp; sourceTree = SOURCE_ROOT; };
		E8890B5CE851B2EFBD85E23F /* QuartzCore.framework */ /* QuartzCore.framework */ = {isa = PBXFileReference; lastKnownFileType = wrapper.framework; name = QuartzCore.framework; path = System/Library/Frameworks/QuartzCore.framework; sourceTree = SDKROOT; };
		EA10D0B3183CEE5211FE269C /* PresetBrowser.h */ /* PresetBrowser.h */ = {isa = PBXFileReference; lastKnownFileType = sourcecode.c.h; name = PresetBrowser.h; path = ../../Source/components/PresetBrowser.h; sourceTree = SOURCE_ROOT; };
		ED390AE47EAF88328212FEBB /* include_viator_modules.cpp */ /* include_viator_modules.cpp */ = {isa = PBXFileReference; lastKnownFileType = sourcecode.cpp.cpp; name = include_viator_modules.cpp; path = ../../JuceLibraryCode/include_viator_modules.cpp; sourceTree = SOURCE_ROOT; };
		EE3F8EB9FB957FDFBEA7B445 /* include_juce_audio_basics.mm */ /* include_juce_audio_basics.mm */ = {isa = PBXFileReference; lastKnownFileType = sourcecode.cpp.objcpp; name = include_juce_audio_basics.mm; path = ../../JuceLibraryCode/include_juce_audio_basics.mm; sourceTree = SOURCE_ROOT; };
		F3EB075806DBC8ADA4D9CFAE /* Accelerate.framework */ /* Accelerate.framework */ = {isa = PBXFileReference; lastKnownFileType = wrapper.framework; name = Accelerate.framework; path = System/Library/Frameworks/Accelerate.framework; sourceTree = SDKROOT; };
		F9DC12AA95130C6C99E5E14B /* Parameters.h */ /* Parameters.h */ = {isa = PBXFileReference; lastKnownFileType = sourcecode.c.h; name = Parameters.h; path = ../../Source/Globals/Parameters.h; sourceTree = SOURCE_ROOT; };
		FD480C21AF8F15F7E0844DCB /* Cocoa.framework */ /* Cocoa.framework */ = {isa = PBXFileReference; lastKnownFileType = wrapper.framework; name = Cocoa.framework; path = System/Library/Frameworks/Cocoa.framework; sourceTree = SDKROOT; };
		FD92A73806898C3FF5BD7B43 /* Standalone Plugin */ = {isa = PBXFileReference; explicitFileType = wrapper.application; includeInIndex = 0; path = "viator-de-noiser.app"; sourceTree = BUILT_PRODUCTS_DIR; };
/* End PBXFileReference section */

/* Begin PBXFrameworksBuildPhase section */
		0CDA82B3A664781B2CDEE0A7 = {
			isa = PBXFrameworksBuildPhase;
			buildActionMask = 2147483647;
			files = (
				CE075ED298F32960217A7CB9,
				A928BA75F4DFE10363966382,
				D09EF27ED93CF9BBFA23BA9B,
				4645235DC952AB0B88136465,
				344A161E988F5B8E83E7A316,
				F465042DA82380B12E201F0E,
				AAA068B79597A43631157B73,
				FACAE77F3E39C4364644248B,
				2F3B43BE94191B57E82D8512,
				B7895FE1F255097D7FBCDE8A,
				384876FFDC20D478937CE54A,
			);
			runOnlyForDeploymentPostprocessing = 0;
		};
		ECC5F0D53C24308D8CE6B50B = {
			isa = PBXFrameworksBuildPhase;
			buildActionMask = 2147483647;
			files = (
				CE075ED298F32960217A7CB9,
				A928BA75F4DFE10363966382,
				D09EF27ED93CF9BBFA23BA9B,
				4645235DC952AB0B88136465,
				344A161E988F5B8E83E7A316,
				F465042DA82380B12E201F0E,
				AAA068B79597A43631157B73,
				FACAE77F3E39C4364644248B,
				2F3B43BE94191B57E82D8512,
				B7895FE1F255097D7FBCDE8A,
				384876FFDC20D478937CE54A,
			);
			runOnlyForDeploymentPostprocessing = 0;
		};
		FD249C4E5598283199B7F86F = {
			isa = PBXFrameworksBuildPhase;
			buildActionMask = 2147483647;
			files = (
				1B3AFF8B0CE31A665D172D5B,
				CE075ED298F32960217A7CB9,
				A928BA75F4DFE10363966382,
				D09EF27ED93CF9BBFA23BA9B,
				4645235DC952AB0B88136465,
				344A161E988F5B8E83E7A316,
				F465042DA82380B12E201F0E,
				AAA068B79597A43631157B73,
				FACAE77F3E39C4364644248B,
				2F3B43BE94191B57E82D8512,
				B7895FE1F255097D7FBCDE8A,
				384876FFDC20D478937CE54A,
			);
			runOnlyForDeploymentPostprocessing = 0;
		};
/* End PBXFrameworksBuildPhase section */

/* Begin PBXGroup section */
		10CD8A7E2B75370BC8614CCE /* LAF */ = {
			isa = PBXGroup;
			children = (
				AED49A236DDF6F6403B63B9F,
				21815E801035C8B1079BD25B,
			);
			name = LAF;
			sourceTree = "<group>";
		};
		40E9BCB261E05E253ACA3352 /* Assets */ = {
			isa = PBXGroup;
			children = (
				70B82E0B044D23ECA953A1EA,
				800F6B503E1D33AD30BE9485,
			);
			name = Assets;
			sourceTree = "<group>";
		};
		56E5EB65907B3EDCE70DF301 /* components */ = {
			isa = PBXGroup;
			children = (
				0F21C60CE53454ACAD59DE69,
				0AEC6974A167C7536F6080E7,
				7FFA6AAC73951CEE9241D2E8,
				4B76FDF5332066DE69881147,
				B7876D86274DB92BD96676ED,
				EA10D0B3183CEE5211FE269C,
				08A721B44F0892F82EA1B47A,
				5B37157BD0D5236A9C4AE677,
			);
			name = components;
			sourceTree = "<group>";
		};
		5BCFB15FAB3477ECE88C1A63 /* Source */ = {
			isa = PBXGroup;
			children = (
				40E9BCB261E05E253ACA3352,
				56E5EB65907B3EDCE70DF301,
				64250FBB85DD1B996CFCA132,
				10CD8A7E2B75370BC8614CCE,
				52D0E5466B902309E81C5BF4,
				60B3B075A4A0D0FCDA76593A,
				6D1BA0669B23E6E40B83FE05,
				E21D4618C1118C5833A0701A,
				A33A704CBECC159231B04607,
			);
			name = Source;
			sourceTree = "<group>";
		};
		64250FBB85DD1B996CFCA132 /* Globals */ = {
			isa = PBXGroup;
			children = (
				95A2DDDCC6F54C3AEE09A508,
				28C3C9920F4AD07F31B21CC7,
				21519DA8997102D046469C1D,
				F9DC12AA95130C6C99E5E14B,
			);
			name = Globals;
			sourceTree = "<group>";
		};
		70B82E0B044D23ECA953A1EA /* vu-meter */ = {
			isa = PBXGroup;
			children = (
				D049E3A3145EA62239EDF150,
				7757B2C3FFBF5957780211D5,
				583F8E3C3D6E5A01F63685C6,
				16237E864B6533A2F2766599,
			);
			name = "vu-meter";
			sourceTree = "<group>";
		};
		8F4279150576DD168404C2AC /* Products */ = {
			isa = PBXGroup;
			children = (
				56D728B9B4591BA307BD4E4B,
				E1158D290BA0B908AF4502E3,
				FD92A73806898C3FF5BD7B43,
				96D05931010965B0192E14BB,
			);
			name = Products;
			sourceTree = "<group>";
		};
		93A09A9E2F93B4294D2A3C2E /* Frameworks */ = {
			isa = PBXGroup;
			children = (
				BA7BA45CDF92C20565086ADD,
				F3EB075806DBC8ADA4D9CFAE,
				371796F0F22838B0BA15F2C8,
				FD480C21AF8F15F7E0844DCB,
				48FD88B33CF5D53815914AF9,
				05DF323B78D94F7CBEE4B2AF,
				516F9E9586DB574A41CA67D0,
				3D726A0C9980CEEC9788682F,
				859884049AF2B85E52981A6B,
				11EF1139285806BF279BCF6F,
				E8890B5CE851B2EFBD85E23F,
				07071AE213D3AC37A5D70F8C,
			);
			name = Frameworks;
			sourceTree = "<group>";
		};
		951094ECC86FA64B10FAD95A /* Resources */ = {
			isa = PBXGroup;
			children = (
				6C247CA92C6D0A95D442A3F2,
				DB9C7F5B2AF2FE67E2AD397F,
				7BF301C3FFA3A7168A60959C,
				4B642CA0F107F4D571820FC7,
			);
			name = Resources;
			sourceTree = "<group>";
		};
		A3C53CDC1843F56DCA1D4B66 /* Source */ = {
			isa = PBXGroup;
			children = (
				DE6A5A06C86C1C305D554CF8,
				C817EBEC961A988B67AAD148,
				DA048D8814F4A8B2A3F7B16C,
				951094ECC86FA64B10FAD95A,
				93A09A9E2F93B4294D2A3C2E,
				8F4279150576DD168404C2AC,
			);
			name = Source;
			sourceTree = "<group>";
		};
		C817EBEC961A988B67AAD148 /* JUCE Modules */ = {
			isa = PBXGroup;
			children = (
				C52D153A53CB3ACE297AA35E,
				AC12889C66EB6CA492717A40,
				1B728E9423F085818452BAEA,
				6FAF2D82F81C8C9F4F94762C,
				1093FB8BA51CF2F94B7CDA54,
				DBCC8DAE8511CB72E3B5FE83,
				61033CBFCEFA61804DB57CA2,
				6F85751AA1A10FC8ED2FAC7E,
				4F17E308B970265BB020F5EA,
				09BBC8ED44185B5C6A3AFD6F,
				349F8CFCB75ED393D46EC82A,
				3282FC456EF4F15D93728A05,
				02233731379E83D7894A7318,
				5CF12411C6A0737B4B0CE83C,
			);
			name = "JUCE Modules";
			sourceTree = "<group>";
		};
		DA048D8814F4A8B2A3F7B16C /* JUCE Library Code */ = {
			isa = PBXGroup;
			children = (
				47AA34D3B7E79034A52105B0,
				E0E838E9DB3995670578B097,
				1F6586BAE93C122027D29FC1,
				EE3F8EB9FB957FDFBEA7B445,
				40782B04B0005E8926D7E487,
				071887E1B0C28725FDADFAA5,
				5DD39F6688227C6EFF5470E4,
				0114B09DEC7A542449335DB3,
				932F1DFF76473976D3C5989D,
				55D66C675E281237EE93DEBC,
				857DEC066B105FA261C761CF,
				5B535156D4757C4D48252411,
				6ADF06C53E1857B2BABB3E7E,
				D8AC04695AEDD1381AA45A41,
				9C4510D0B3E025A44FF1854D,
				3A19B240490E0F1AE0001262,
				D1F5BF4A55C978DE365948DA,
				5E3AFE3042A190B984A8BB87,
				141F544DEA039474B7A9997E,
				D87320C28EA7CACA258EC0EC,
				2F17AD23A7BF607BA5051D55,
				66D83E701CAE27AA3B9BB2AE,
				6D13593422FF691852968EC4,
				1D71112A469EC87E306A9A43,
				ED390AE47EAF88328212FEBB,
				3E60A30DDCFE0731A2CBB1F6,
				C030454D72D991C218FB815A,
			);
			name = "JUCE Library Code";
			sourceTree = "<group>";
		};
		DE6A5A06C86C1C305D554CF8 /* viator-de-noiser */ = {
			isa = PBXGroup;
			children = (
				5BCFB15FAB3477ECE88C1A63,
			);
			name = "viator-de-noiser";
			sourceTree = "<group>";
		};
/* End PBXGroup section */

/* Begin PBXNativeTarget section */
		32F14800BFE198AF3C414E9C /* viator-de-noiser - Shared Code */ = {
			isa = PBXNativeTarget;
			buildConfigurationList = D4E1C29068E055AD5B7DDB42;
			buildPhases = (
				AA5E8260A7080F2F9E5C7C1E,
			);
			buildRules = (
			);
			dependencies = (
			);
			name = "viator-de-noiser - Shared Code";
			productName = "viator-de-noiser";
			productReference = 96D05931010965B0192E14BB;
			productType = "com.apple.product-type.library.static";
		};
		5F5090D24221E15D941ACD05 /* viator-de-noiser - Standalone Plugin */ = {
			isa = PBXNativeTarget;
			buildConfigurationList = B31FE1F9B032CD499D2B1A69;
			buildPhases = (
				D00C70B759D08587CC18176C,
				3E0FE09FA72379A8D1FE9133,
				ECC5F0D53C24308D8CE6B50B,
			);
			buildRules = (
			);
			dependencies = (
				E528B6AD40999678421A0E21,
			);
			name = "viator-de-noiser - Standalone Plugin";
			productName = "viator-de-noiser";
			productReference = FD92A73806898C3FF5BD7B43;
			productType = "com.apple.product-type.application";
		};
		63F0BDB5E1150D66ED92AF78 /* viator-de-noiser - AU */ = {
			isa = PBXNativeTarget;
			buildConfigurationList = 0F53C70E418491585EE52D6B;
			buildPhases = (
				690296054057D59ADDD215EC,
				C8D5CE715C137A0CD2AF7776,
				FD249C4E5598283199B7F86F,
			);
			buildRules = (
			);
			dependencies = (
				0410A61052D6D550F488A2AD,
			);
			name = "viator-de-noiser - AU";
			productName = "viator-de-noiser";
			productReference = E1158D290BA0B908AF4502E3;
			productType = "com.apple.product-type.bundle";
		};
		B25F815E3FF35CCD54990F24 /* viator-de-noiser - VST3 */ = {
			isa = PBXNativeTarget;
			buildConfigurationList = A0779F6B9D45E3E3D45E51FD;
			buildPhases = (
				0B272C92B99C50D2E728452A,
				45BA14086D176185B113C02E,
				0CDA82B3A664781B2CDEE0A7,
			);
			buildRules = (
			);
			dependencies = (
				713B913F9298586246761275,
			);
			name = "viator-de-noiser - VST3";
			productName = "viator-de-noiser";
			productReference = 56D728B9B4591BA307BD4E4B;
			productType = "com.apple.product-type.bundle";
		};
/* End PBXNativeTarget section */

/* Begin PBXProject section */
		EEC8F66EF3DDAFCE4E4D27DF = {
			isa = PBXProject;
			attributes = {
				LastUpgradeCheck = 1340;
				ORGANIZATIONNAME = "Viator DSP";
				TargetAttributes = {
					32F14800BFE198AF3C414E9C = {
						SystemCapabilities = {
							com.apple.ApplicationGroups.iOS = {
								enabled = 0;
							};
							com.apple.HardenedRuntime = {
								enabled = 0;
							};
							com.apple.InAppPurchase = {
								enabled = 0;
							};
							com.apple.InterAppAudio = {
								enabled = 0;
							};
							com.apple.Push = {
								enabled = 0;
							};
							com.apple.Sandbox = {
								enabled = 0;
							};
						};
					};
					5F5090D24221E15D941ACD05 = {
						SystemCapabilities = {
							com.apple.ApplicationGroups.iOS = {
								enabled = 0;
							};
							com.apple.HardenedRuntime = {
								enabled = 0;
							};
							com.apple.InAppPurchase = {
								enabled = 0;
							};
							com.apple.InterAppAudio = {
								enabled = 0;
							};
							com.apple.Push = {
								enabled = 0;
							};
							com.apple.Sandbox = {
								enabled = 0;
							};
						};
					};
					63F0BDB5E1150D66ED92AF78 = {
						SystemCapabilities = {
							com.apple.ApplicationGroups.iOS = {
								enabled = 0;
							};
							com.apple.HardenedRuntime = {
								enabled = 0;
							};
							com.apple.InAppPurchase = {
								enabled = 0;
							};
							com.apple.InterAppAudio = {
								enabled = 0;
							};
							com.apple.Push = {
								enabled = 0;
							};
							com.apple.Sandbox = {
								enabled = 0;
							};
						};
					};
					B25F815E3FF35CCD54990F24 = {
						SystemCapabilities = {
							com.apple.ApplicationGroups.iOS = {
								enabled = 0;
							};
							com.apple.HardenedRuntime = {
								enabled = 0;
							};
							com.apple.InAppPurchase = {
								enabled = 0;
							};
							com.apple.InterAppAudio = {
								enabled = 0;
							};
							com.apple.Push = {
								enabled = 0;
							};
							com.apple.Sandbox = {
								enabled = 0;
							};
						};
					};
					FB2A12C620A8382B54FC3E20 = {
						SystemCapabilities = {
							com.apple.ApplicationGroups.iOS = {
								enabled = 0;
							};
							com.apple.HardenedRuntime = {
								enabled = 0;
							};
							com.apple.InAppPurchase = {
								enabled = 0;
							};
							com.apple.InterAppAudio = {
								enabled = 0;
							};
							com.apple.Push = {
								enabled = 0;
							};
							com.apple.Sandbox = {
								enabled = 0;
							};
						};
					};
				};
			};
			buildConfigurationList = E909A6C7B4858F1269F3F119;
			compatibilityVersion = "Xcode 3.2";
			hasScannedForEncodings = 0;
			knownRegions = (
				en,
				Base,
			);
			mainGroup = A3C53CDC1843F56DCA1D4B66;
			projectDirPath = "";
			projectRoot = "";
			targets = (
				FB2A12C620A8382B54FC3E20,
				B25F815E3FF35CCD54990F24,
				63F0BDB5E1150D66ED92AF78,
				5F5090D24221E15D941ACD05,
				32F14800BFE198AF3C414E9C,
			);
		};
/* End PBXProject section */

/* Begin PBXResourcesBuildPhase section */
		0B272C92B99C50D2E728452A = {
			isa = PBXResourcesBuildPhase;
			buildActionMask = 2147483647;
			files = (
				218A0D0E0E9D5D1F5D1E092D,
			);
			runOnlyForDeploymentPostprocessing = 0;
		};
		690296054057D59ADDD215EC = {
			isa = PBXResourcesBuildPhase;
			buildActionMask = 2147483647;
			files = (
				218A0D0E0E9D5D1F5D1E092D,
			);
			runOnlyForDeploymentPostprocessing = 0;
		};
		D00C70B759D08587CC18176C = {
			isa = PBXResourcesBuildPhase;
			buildActionMask = 2147483647;
			files = (
				218A0D0E0E9D5D1F5D1E092D,
			);
			runOnlyForDeploymentPostprocessing = 0;
		};
/* End PBXResourcesBuildPhase section */

/* Begin PBXSourcesBuildPhase section */
		3E0FE09FA72379A8D1FE9133 = {
			isa = PBXSourcesBuildPhase;
			buildActionMask = 2147483647;
			files = (
				DA6D8C3882018816A668E372,
			);
			runOnlyForDeploymentPostprocessing = 0;
		};
		45BA14086D176185B113C02E = {
			isa = PBXSourcesBuildPhase;
			buildActionMask = 2147483647;
			files = (
				69E7F93E513058ACC221BAE0,
			);
			runOnlyForDeploymentPostprocessing = 0;
		};
		AA5E8260A7080F2F9E5C7C1E = {
			isa = PBXSourcesBuildPhase;
			buildActionMask = 2147483647;
			files = (
				14A3564B6E761AD9EA634A99,
				D36428DFEAE665B93560D9B9,
				10E0E3EA4FACDA8D283E3EED,
				AFB398D2A69BBD0E8B4A129A,
				CDBFE277D453203BF20A9BFE,
				74FD6FCD1B28CE33BAE39922,
				2C0527789E27C110B232E735,
				4A6331F7FB2DEC0BEE944056,
				E085717EC8932F00973A07D5,
				8FEA86054447784C4C1D4414,
				A8AA34CB6DCD75CDF443DBB6,
				4CDE3B80E4514E0CA74165EF,
				51CC02D6FDF01EAD15E0E9B3,
				B510E595EB7CF00A4CF9168F,
				1BEED92855D4A805FB22BA93,
				B17252E5E07A6CD87D64EB1E,
				1C914808B489E375C1A91E3B,
				90A4E18BA14E1FC16A5D9191,
				2AC1AD190B06C488BA3BB666,
				DAF8FB9D89390855BEF4EFDB,
				F460D3CA29EEFAF193764CF4,
				4C82617B459E444E9D26A10E,
				2AEEB12DD389F6556148E7EB,
				863FB72AF86D1ED1888933AE,
				C13C001D98F5977B293EB5F7,
				8535DA66947CACDB41C036A2,
				1BEB4D0D664EE2BABA626CAC,
				CD721E9249B279ACB6166451,
				430376E348A1351529F12D5B,
			);
			runOnlyForDeploymentPostprocessing = 0;
		};
		C8D5CE715C137A0CD2AF7776 = {
			isa = PBXSourcesBuildPhase;
			buildActionMask = 2147483647;
			files = (
				6000A4303E9E6CB25515DDD4,
				A29E653316484A3056E5F39A,
			);
			runOnlyForDeploymentPostprocessing = 0;
		};
/* End PBXSourcesBuildPhase section */

/* Begin PBXTargetDependency section */
		0410A61052D6D550F488A2AD = {
			isa = PBXTargetDependency;
			target = 32F14800BFE198AF3C414E9C;
		};
		43854E2D47963ACF959421D7 = {
			isa = PBXTargetDependency;
			target = B25F815E3FF35CCD54990F24;
		};
		713B913F9298586246761275 = {
			isa = PBXTargetDependency;
			target = 32F14800BFE198AF3C414E9C;
		};
		B574B7EAB2D0C9B7CA074260 = {
			isa = PBXTargetDependency;
			target = 5F5090D24221E15D941ACD05;
		};
		CACDBEDA75D93013010FCB01 = {
			isa = PBXTargetDependency;
			target = 32F14800BFE198AF3C414E9C;
		};
		E528B6AD40999678421A0E21 = {
			isa = PBXTargetDependency;
			target = 32F14800BFE198AF3C414E9C;
		};
		FAFDC5BBCB8B49D36CFCEAEE = {
			isa = PBXTargetDependency;
			target = 63F0BDB5E1150D66ED92AF78;
		};
/* End PBXTargetDependency section */

/* Begin XCBuildConfiguration section */
		21D6F6D5C8D862980BB695BA /* Debug */ = {
			isa = XCBuildConfiguration;
			buildSettings = {
				CLANG_CXX_LANGUAGE_STANDARD = "c++17";
				CLANG_CXX_LIBRARY = "libc++";
				CLANG_LINK_OBJC_RUNTIME = NO;
				COMBINE_HIDPI_IMAGES = YES;
				CONFIGURATION_BUILD_DIR = "$(PROJECT_DIR)/build/$(CONFIGURATION)";
				COPY_PHASE_STRIP = NO;
				DEPLOYMENT_LOCATION = YES;
				DSTROOT = /;
				EXCLUDED_ARCHS = "";
				GCC_DYNAMIC_NO_PIC = NO;
				GCC_OPTIMIZATION_LEVEL = 0;
				GCC_PREPROCESSOR_DEFINITIONS = (
					"_DEBUG=1",
					"DEBUG=1",
					"JUCE_DISPLAY_SPLASH_SCREEN=0",
					"JUCE_USE_DARK_SPLASH_SCREEN=1",
					"JUCE_PROJUCER_VERSION=0x70005",
					"JUCE_MODULE_AVAILABLE_juce_audio_basics=1",
					"JUCE_MODULE_AVAILABLE_juce_audio_devices=1",
					"JUCE_MODULE_AVAILABLE_juce_audio_formats=1",
					"JUCE_MODULE_AVAILABLE_juce_audio_plugin_client=1",
					"JUCE_MODULE_AVAILABLE_juce_audio_processors=1",
					"JUCE_MODULE_AVAILABLE_juce_audio_utils=1",
					"JUCE_MODULE_AVAILABLE_juce_core=1",
					"JUCE_MODULE_AVAILABLE_juce_data_structures=1",
					"JUCE_MODULE_AVAILABLE_juce_dsp=1",
					"JUCE_MODULE_AVAILABLE_juce_events=1",
					"JUCE_MODULE_AVAILABLE_juce_graphics=1",
					"JUCE_MODULE_AVAILABLE_juce_gui_basics=1",
					"JUCE_MODULE_AVAILABLE_juce_gui_extra=1",
					"JUCE_MODULE_AVAILABLE_viator_modules=1",
					"JUCE_GLOBAL_MODULE_SETTINGS_INCLUDED=1",
					"JUCE_VST3_CAN_REPLACE_VST2=0",
					"JUCE_STRICT_REFCOUNTEDPOINTER=1",
					"JucePlugin_Build_VST=0",
					"JucePlugin_Build_VST3=1",
					"JucePlugin_Build_AU=0",
					"JucePlugin_Build_AUv3=0",
					"JucePlugin_Build_AAX=0",
					"JucePlugin_Build_Standalone=0",
					"JucePlugin_Build_Unity=0",
					"JucePlugin_Build_LV2=0",
					"JucePlugin_Enable_IAA=0",
					"JucePlugin_Enable_ARA=0",
					"JucePlugin_Name=\\\"Noise-Reducer\\\"",
					"JucePlugin_Desc=\\\"A\\ noise\\ reduction\\ plugin.\\\"",
					"JucePlugin_Manufacturer=\\\"Viator\\ DSP\\\"",
					"JucePlugin_ManufacturerWebsite=\\\"https://www.patreon.com/ViatorDSP\\\"",
					"JucePlugin_ManufacturerEmail=\\\"viatordsp@gmail.com\\\"",
					"JucePlugin_ManufacturerCode=0x4d616e75",
					"JucePlugin_PluginCode=0x5a77787a",
					"JucePlugin_IsSynth=0",
					"JucePlugin_WantsMidiInput=0",
					"JucePlugin_ProducesMidiOutput=0",
					"JucePlugin_IsMidiEffect=0",
					"JucePlugin_EditorRequiresKeyboardFocus=0",
					"JucePlugin_Version=1.0.0",
					"JucePlugin_VersionCode=0x10000",
					"JucePlugin_VersionString=\\\"1.0.0\\\"",
					"JucePlugin_VSTUniqueID=JucePlugin_PluginCode",
					"JucePlugin_VSTCategory=kPlugCategEffect",
					"JucePlugin_Vst3Category=\\\"Fx\\\"",
					"JucePlugin_AUMainType=\\'aufx\\'",
					"JucePlugin_AUSubType=JucePlugin_PluginCode",
					"JucePlugin_AUExportPrefix=viatordenoiserAU",
					"JucePlugin_AUExportPrefixQuoted=\\\"viatordenoiserAU\\\"",
					"JucePlugin_AUManufacturerCode=JucePlugin_ManufacturerCode",
					"JucePlugin_CFBundleIdentifier=com.ViatorDSP.viatordenoiser",
					"JucePlugin_AAXIdentifier=com.ViatorDSP.viatordenoiser",
					"JucePlugin_AAXManufacturerCode=JucePlugin_ManufacturerCode",
					"JucePlugin_AAXProductId=JucePlugin_PluginCode",
					"JucePlugin_AAXCategory=0",
					"JucePlugin_AAXDisableBypass=0",
					"JucePlugin_AAXDisableMultiMono=0",
					"JucePlugin_IAAType=0x61757278",
					"JucePlugin_IAASubType=JucePlugin_PluginCode",
					"JucePlugin_IAAName=\\\"Viator\\ DSP:\\ Noise-Reducer\\\"",
					"JucePlugin_VSTNumMidiInputs=16",
					"JucePlugin_VSTNumMidiOutputs=16",
					"JucePlugin_ARAContentTypes=0",
					"JucePlugin_ARATransformationFlags=0",
					"JucePlugin_ARAFactoryID=\\\"com.ViatorDSP.viatordenoiser.factory\\\"",
					"JucePlugin_ARADocumentArchiveID=\\\"com.ViatorDSP.viatordenoiser.aradocumentarchive.1.0.0\\\"",
					"JucePlugin_ARACompatibleArchiveIDs=\\\"\\\"",
					"JUCE_STANDALONE_APPLICATION=JucePlugin_Build_Standalone",
					"JUCER_XCODE_MAC_F6D2F4CF=1",
					"JUCE_APP_VERSION=1.0.0",
					"JUCE_APP_VERSION_HEX=0x10000",
				);
				GCC_VERSION = com.apple.compilers.llvm.clang.1_0;
				GENERATE_PKGINFO_FILE = YES;
				HEADER_SEARCH_PATHS = (
					"$(SRCROOT)/../../../modules/JUCE/modules/juce_audio_processors/format_types/VST3_SDK",
					"$(SRCROOT)/../../JuceLibraryCode",
					"$(SRCROOT)/../../JuceLibraryCode/modules",
					"$(SRCROOT)/../../../modules/JUCE/modules",
					"$(SRCROOT)/../../../modules/JUCE/modules/juce_audio_plugin_client/AU",
					"$(inherited)",
				);
				INFOPLIST_FILE = Info-VST3.plist;
				INFOPLIST_PREPROCESS = NO;
				INSTALL_PATH = "$(HOME)/Library/Audio/Plug-Ins/VST3/";
				LIBRARY_STYLE = Bundle;
				MACOSX_DEPLOYMENT_TARGET = 10.13;
				MTL_HEADER_SEARCH_PATHS = "$(SRCROOT)/../../../modules/JUCE/modules/juce_audio_processors/format_types/VST3_SDK $(SRCROOT)/../../JuceLibraryCode $(SRCROOT)/../../JuceLibraryCode/modules $(SRCROOT)/../../../modules/JUCE/modules $(SRCROOT)/../../../modules/JUCE/modules/juce_audio_plugin_client/AU";
				OTHER_LDFLAGS = "-bundle -lviator-de-noiser -weak_framework Metal -weak_framework MetalKit";
				PRODUCT_BUNDLE_IDENTIFIER = com.ViatorDSP.viatordenoiser;
				PRODUCT_NAME = "viator-de-noiser";
				USE_HEADERMAP = NO;
				VALID_ARCHS = "i386 x86_64 arm64 arm64e";
				WRAPPER_EXTENSION = vst3;
			};
			name = Debug;
		};
		2DFC3475413E367CA4597E3E /* Release */ = {
			isa = XCBuildConfiguration;
			buildSettings = {
				MACOSX_DEPLOYMENT_TARGET = 10.13;
				SDKROOT = macosx;
			};
			name = Release;
		};
		55A4E981926D18C5401EE904 /* Debug */ = {
			isa = XCBuildConfiguration;
			buildSettings = {
				CLANG_CXX_LANGUAGE_STANDARD = "c++17";
				CLANG_CXX_LIBRARY = "libc++";
				CLANG_LINK_OBJC_RUNTIME = NO;
				COMBINE_HIDPI_IMAGES = YES;
				CONFIGURATION_BUILD_DIR = "$(PROJECT_DIR)/build/$(CONFIGURATION)";
				COPY_PHASE_STRIP = NO;
				EXCLUDED_ARCHS = "";
				GCC_DYNAMIC_NO_PIC = NO;
				GCC_OPTIMIZATION_LEVEL = 0;
				GCC_PREPROCESSOR_DEFINITIONS = (
					"_DEBUG=1",
					"DEBUG=1",
					"JUCE_DISPLAY_SPLASH_SCREEN=0",
					"JUCE_USE_DARK_SPLASH_SCREEN=1",
					"JUCE_PROJUCER_VERSION=0x70005",
					"JUCE_MODULE_AVAILABLE_juce_audio_basics=1",
					"JUCE_MODULE_AVAILABLE_juce_audio_devices=1",
					"JUCE_MODULE_AVAILABLE_juce_audio_formats=1",
					"JUCE_MODULE_AVAILABLE_juce_audio_plugin_client=1",
					"JUCE_MODULE_AVAILABLE_juce_audio_processors=1",
					"JUCE_MODULE_AVAILABLE_juce_audio_utils=1",
					"JUCE_MODULE_AVAILABLE_juce_core=1",
					"JUCE_MODULE_AVAILABLE_juce_data_structures=1",
					"JUCE_MODULE_AVAILABLE_juce_dsp=1",
					"JUCE_MODULE_AVAILABLE_juce_events=1",
					"JUCE_MODULE_AVAILABLE_juce_graphics=1",
					"JUCE_MODULE_AVAILABLE_juce_gui_basics=1",
					"JUCE_MODULE_AVAILABLE_juce_gui_extra=1",
					"JUCE_MODULE_AVAILABLE_viator_modules=1",
					"JUCE_GLOBAL_MODULE_SETTINGS_INCLUDED=1",
					"JUCE_VST3_CAN_REPLACE_VST2=0",
					"JUCE_STRICT_REFCOUNTEDPOINTER=1",
					"JucePlugin_Build_VST=0",
					"JucePlugin_Build_VST3=1",
					"JucePlugin_Build_AU=1",
					"JucePlugin_Build_AUv3=0",
					"JucePlugin_Build_AAX=0",
					"JucePlugin_Build_Standalone=1",
					"JucePlugin_Build_Unity=0",
					"JucePlugin_Build_LV2=0",
					"JucePlugin_Enable_IAA=0",
					"JucePlugin_Enable_ARA=0",
					"JucePlugin_Name=\\\"Noise-Reducer\\\"",
					"JucePlugin_Desc=\\\"A\\ noise\\ reduction\\ plugin.\\\"",
					"JucePlugin_Manufacturer=\\\"Viator\\ DSP\\\"",
					"JucePlugin_ManufacturerWebsite=\\\"https://www.patreon.com/ViatorDSP\\\"",
					"JucePlugin_ManufacturerEmail=\\\"viatordsp@gmail.com\\\"",
					"JucePlugin_ManufacturerCode=0x4d616e75",
					"JucePlugin_PluginCode=0x5a77787a",
					"JucePlugin_IsSynth=0",
					"JucePlugin_WantsMidiInput=0",
					"JucePlugin_ProducesMidiOutput=0",
					"JucePlugin_IsMidiEffect=0",
					"JucePlugin_EditorRequiresKeyboardFocus=0",
					"JucePlugin_Version=1.0.0",
					"JucePlugin_VersionCode=0x10000",
					"JucePlugin_VersionString=\\\"1.0.0\\\"",
					"JucePlugin_VSTUniqueID=JucePlugin_PluginCode",
					"JucePlugin_VSTCategory=kPlugCategEffect",
					"JucePlugin_Vst3Category=\\\"Fx\\\"",
					"JucePlugin_AUMainType=\\'aufx\\'",
					"JucePlugin_AUSubType=JucePlugin_PluginCode",
					"JucePlugin_AUExportPrefix=viatordenoiserAU",
					"JucePlugin_AUExportPrefixQuoted=\\\"viatordenoiserAU\\\"",
					"JucePlugin_AUManufacturerCode=JucePlugin_ManufacturerCode",
					"JucePlugin_CFBundleIdentifier=com.ViatorDSP.viatordenoiser",
					"JucePlugin_AAXIdentifier=com.ViatorDSP.viatordenoiser",
					"JucePlugin_AAXManufacturerCode=JucePlugin_ManufacturerCode",
					"JucePlugin_AAXProductId=JucePlugin_PluginCode",
					"JucePlugin_AAXCategory=0",
					"JucePlugin_AAXDisableBypass=0",
					"JucePlugin_AAXDisableMultiMono=0",
					"JucePlugin_IAAType=0x61757278",
					"JucePlugin_IAASubType=JucePlugin_PluginCode",
					"JucePlugin_IAAName=\\\"Viator\\ DSP:\\ Noise-Reducer\\\"",
					"JucePlugin_VSTNumMidiInputs=16",
					"JucePlugin_VSTNumMidiOutputs=16",
					"JucePlugin_ARAContentTypes=0",
					"JucePlugin_ARATransformationFlags=0",
					"JucePlugin_ARAFactoryID=\\\"com.ViatorDSP.viatordenoiser.factory\\\"",
					"JucePlugin_ARADocumentArchiveID=\\\"com.ViatorDSP.viatordenoiser.aradocumentarchive.1.0.0\\\"",
					"JucePlugin_ARACompatibleArchiveIDs=\\\"\\\"",
					"JUCE_STANDALONE_APPLICATION=JucePlugin_Build_Standalone",
					"JUCER_XCODE_MAC_F6D2F4CF=1",
					"JUCE_APP_VERSION=1.0.0",
					"JUCE_APP_VERSION_HEX=0x10000",
					"JUCE_SHARED_CODE=1",
				);
				GCC_VERSION = com.apple.compilers.llvm.clang.1_0;
				HEADER_SEARCH_PATHS = (
					"$(SRCROOT)/../../../modules/JUCE/modules/juce_audio_processors/format_types/VST3_SDK",
					"$(SRCROOT)/../../JuceLibraryCode",
					"$(SRCROOT)/../../JuceLibraryCode/modules",
					"$(SRCROOT)/../../../modules/JUCE/modules",
					"$(SRCROOT)/../../../modules/JUCE/modules/juce_audio_plugin_client/AU",
					"$(inherited)",
				);
				INSTALL_PATH = "@executable_path/../Frameworks";
				MACOSX_DEPLOYMENT_TARGET = 10.13;
				MTL_HEADER_SEARCH_PATHS = "$(SRCROOT)/../../../modules/JUCE/modules/juce_audio_processors/format_types/VST3_SDK $(SRCROOT)/../../JuceLibraryCode $(SRCROOT)/../../JuceLibraryCode/modules $(SRCROOT)/../../../modules/JUCE/modules $(SRCROOT)/../../../modules/JUCE/modules/juce_audio_plugin_client/AU";
				OTHER_LDFLAGS = "-weak_framework Metal -weak_framework MetalKit";
				PRODUCT_BUNDLE_IDENTIFIER = com.ViatorDSP.viatordenoiser;
				PRODUCT_NAME = "viator-de-noiser";
				SKIP_INSTALL = YES;
				USE_HEADERMAP = NO;
				VALID_ARCHS = "i386 x86_64 arm64 arm64e";
			};
			name = Debug;
		};
		5BACDE4A17E34DE038294DEE /* Release */ = {
			isa = XCBuildConfiguration;
			buildSettings = {
				CLANG_CXX_LANGUAGE_STANDARD = "c++17";
				CLANG_CXX_LIBRARY = "libc++";
				CLANG_LINK_OBJC_RUNTIME = NO;
				COMBINE_HIDPI_IMAGES = YES;
				CONFIGURATION_BUILD_DIR = "$(PROJECT_DIR)/build/$(CONFIGURATION)";
				DEAD_CODE_STRIPPING = YES;
				EXCLUDED_ARCHS = "";
				GCC_GENERATE_DEBUGGING_SYMBOLS = NO;
				GCC_OPTIMIZATION_LEVEL = 3;
				GCC_PREPROCESSOR_DEFINITIONS = (
					"_NDEBUG=1",
					"NDEBUG=1",
					"JUCE_DISPLAY_SPLASH_SCREEN=0",
					"JUCE_USE_DARK_SPLASH_SCREEN=1",
					"JUCE_PROJUCER_VERSION=0x70005",
					"JUCE_MODULE_AVAILABLE_juce_audio_basics=1",
					"JUCE_MODULE_AVAILABLE_juce_audio_devices=1",
					"JUCE_MODULE_AVAILABLE_juce_audio_formats=1",
					"JUCE_MODULE_AVAILABLE_juce_audio_plugin_client=1",
					"JUCE_MODULE_AVAILABLE_juce_audio_processors=1",
					"JUCE_MODULE_AVAILABLE_juce_audio_utils=1",
					"JUCE_MODULE_AVAILABLE_juce_core=1",
					"JUCE_MODULE_AVAILABLE_juce_data_structures=1",
					"JUCE_MODULE_AVAILABLE_juce_dsp=1",
					"JUCE_MODULE_AVAILABLE_juce_events=1",
					"JUCE_MODULE_AVAILABLE_juce_graphics=1",
					"JUCE_MODULE_AVAILABLE_juce_gui_basics=1",
					"JUCE_MODULE_AVAILABLE_juce_gui_extra=1",
					"JUCE_MODULE_AVAILABLE_viator_modules=1",
					"JUCE_GLOBAL_MODULE_SETTINGS_INCLUDED=1",
					"JUCE_VST3_CAN_REPLACE_VST2=0",
					"JUCE_STRICT_REFCOUNTEDPOINTER=1",
					"JucePlugin_Build_VST=0",
					"JucePlugin_Build_VST3=1",
					"JucePlugin_Build_AU=1",
					"JucePlugin_Build_AUv3=0",
					"JucePlugin_Build_AAX=0",
					"JucePlugin_Build_Standalone=1",
					"JucePlugin_Build_Unity=0",
					"JucePlugin_Build_LV2=0",
					"JucePlugin_Enable_IAA=0",
					"JucePlugin_Enable_ARA=0",
					"JucePlugin_Name=\\\"Noise-Reducer\\\"",
					"JucePlugin_Desc=\\\"A\\ noise\\ reduction\\ plugin.\\\"",
					"JucePlugin_Manufacturer=\\\"Viator\\ DSP\\\"",
					"JucePlugin_ManufacturerWebsite=\\\"https://www.patreon.com/ViatorDSP\\\"",
					"JucePlugin_ManufacturerEmail=\\\"viatordsp@gmail.com\\\"",
					"JucePlugin_ManufacturerCode=0x4d616e75",
					"JucePlugin_PluginCode=0x5a77787a",
					"JucePlugin_IsSynth=0",
					"JucePlugin_WantsMidiInput=0",
					"JucePlugin_ProducesMidiOutput=0",
					"JucePlugin_IsMidiEffect=0",
					"JucePlugin_EditorRequiresKeyboardFocus=0",
					"JucePlugin_Version=1.0.0",
					"JucePlugin_VersionCode=0x10000",
					"JucePlugin_VersionString=\\\"1.0.0\\\"",
					"JucePlugin_VSTUniqueID=JucePlugin_PluginCode",
					"JucePlugin_VSTCategory=kPlugCategEffect",
					"JucePlugin_Vst3Category=\\\"Fx\\\"",
					"JucePlugin_AUMainType=\\'aufx\\'",
					"JucePlugin_AUSubType=JucePlugin_PluginCode",
					"JucePlugin_AUExportPrefix=viatordenoiserAU",
					"JucePlugin_AUExportPrefixQuoted=\\\"viatordenoiserAU\\\"",
					"JucePlugin_AUManufacturerCode=JucePlugin_ManufacturerCode",
					"JucePlugin_CFBundleIdentifier=com.ViatorDSP.viatordenoiser",
					"JucePlugin_AAXIdentifier=com.ViatorDSP.viatordenoiser",
					"JucePlugin_AAXManufacturerCode=JucePlugin_ManufacturerCode",
					"JucePlugin_AAXProductId=JucePlugin_PluginCode",
					"JucePlugin_AAXCategory=0",
					"JucePlugin_AAXDisableBypass=0",
					"JucePlugin_AAXDisableMultiMono=0",
					"JucePlugin_IAAType=0x61757278",
					"JucePlugin_IAASubType=JucePlugin_PluginCode",
					"JucePlugin_IAAName=\\\"Viator\\ DSP:\\ Noise-Reducer\\\"",
					"JucePlugin_VSTNumMidiInputs=16",
					"JucePlugin_VSTNumMidiOutputs=16",
					"JucePlugin_ARAContentTypes=0",
					"JucePlugin_ARATransformationFlags=0",
					"JucePlugin_ARAFactoryID=\\\"com.ViatorDSP.viatordenoiser.factory\\\"",
					"JucePlugin_ARADocumentArchiveID=\\\"com.ViatorDSP.viatordenoiser.aradocumentarchive.1.0.0\\\"",
					"JucePlugin_ARACompatibleArchiveIDs=\\\"\\\"",
					"JUCE_STANDALONE_APPLICATION=JucePlugin_Build_Standalone",
					"JUCER_XCODE_MAC_F6D2F4CF=1",
					"JUCE_APP_VERSION=1.0.0",
					"JUCE_APP_VERSION_HEX=0x10000",
					"JUCE_SHARED_CODE=1",
				);
				GCC_VERSION = com.apple.compilers.llvm.clang.1_0;
				HEADER_SEARCH_PATHS = (
					"$(SRCROOT)/../../../modules/JUCE/modules/juce_audio_processors/format_types/VST3_SDK",
					"$(SRCROOT)/../../JuceLibraryCode",
					"$(SRCROOT)/../../JuceLibraryCode/modules",
					"$(SRCROOT)/../../../modules/JUCE/modules",
					"$(SRCROOT)/../../../modules/JUCE/modules/juce_audio_plugin_client/AU",
					"$(inherited)",
				);
				INSTALL_PATH = "@executable_path/../Frameworks";
				LLVM_LTO = YES;
				MACOSX_DEPLOYMENT_TARGET = 10.13;
				MTL_HEADER_SEARCH_PATHS = "$(SRCROOT)/../../../modules/JUCE/modules/juce_audio_processors/format_types/VST3_SDK $(SRCROOT)/../../JuceLibraryCode $(SRCROOT)/../../JuceLibraryCode/modules $(SRCROOT)/../../../modules/JUCE/modules $(SRCROOT)/../../../modules/JUCE/modules/juce_audio_plugin_client/AU";
				OTHER_LDFLAGS = "-weak_framework Metal -weak_framework MetalKit";
				PRODUCT_BUNDLE_IDENTIFIER = com.ViatorDSP.viatordenoiser;
				PRODUCT_NAME = "viator-de-noiser";
				SKIP_INSTALL = YES;
				USE_HEADERMAP = NO;
				VALID_ARCHS = "i386 x86_64 arm64 arm64e";
			};
			name = Release;
		};
		5C1786523EA27A2D0E329163 /* Debug */ = {
			isa = XCBuildConfiguration;
			buildSettings = {
				CLANG_CXX_LANGUAGE_STANDARD = "c++17";
				CLANG_CXX_LIBRARY = "libc++";
				CLANG_LINK_OBJC_RUNTIME = NO;
				COMBINE_HIDPI_IMAGES = YES;
				CONFIGURATION_BUILD_DIR = "$(PROJECT_DIR)/build/$(CONFIGURATION)";
				COPY_PHASE_STRIP = NO;
				DEPLOYMENT_LOCATION = YES;
				DSTROOT = /;
				EXCLUDED_ARCHS = "";
				GCC_DYNAMIC_NO_PIC = NO;
				GCC_OPTIMIZATION_LEVEL = 0;
				GCC_PREPROCESSOR_DEFINITIONS = (
					"_DEBUG=1",
					"DEBUG=1",
					"JUCE_DISPLAY_SPLASH_SCREEN=0",
					"JUCE_USE_DARK_SPLASH_SCREEN=1",
					"JUCE_PROJUCER_VERSION=0x70005",
					"JUCE_MODULE_AVAILABLE_juce_audio_basics=1",
					"JUCE_MODULE_AVAILABLE_juce_audio_devices=1",
					"JUCE_MODULE_AVAILABLE_juce_audio_formats=1",
					"JUCE_MODULE_AVAILABLE_juce_audio_plugin_client=1",
					"JUCE_MODULE_AVAILABLE_juce_audio_processors=1",
					"JUCE_MODULE_AVAILABLE_juce_audio_utils=1",
					"JUCE_MODULE_AVAILABLE_juce_core=1",
					"JUCE_MODULE_AVAILABLE_juce_data_structures=1",
					"JUCE_MODULE_AVAILABLE_juce_dsp=1",
					"JUCE_MODULE_AVAILABLE_juce_events=1",
					"JUCE_MODULE_AVAILABLE_juce_graphics=1",
					"JUCE_MODULE_AVAILABLE_juce_gui_basics=1",
					"JUCE_MODULE_AVAILABLE_juce_gui_extra=1",
					"JUCE_MODULE_AVAILABLE_viator_modules=1",
					"JUCE_GLOBAL_MODULE_SETTINGS_INCLUDED=1",
					"JUCE_VST3_CAN_REPLACE_VST2=0",
					"JUCE_STRICT_REFCOUNTEDPOINTER=1",
					"JucePlugin_Build_VST=0",
					"JucePlugin_Build_VST3=0",
					"JucePlugin_Build_AU=1",
					"JucePlugin_Build_AUv3=0",
					"JucePlugin_Build_AAX=0",
					"JucePlugin_Build_Standalone=0",
					"JucePlugin_Build_Unity=0",
					"JucePlugin_Build_LV2=0",
					"JucePlugin_Enable_IAA=0",
					"JucePlugin_Enable_ARA=0",
					"JucePlugin_Name=\\\"Noise-Reducer\\\"",
					"JucePlugin_Desc=\\\"A\\ noise\\ reduction\\ plugin.\\\"",
					"JucePlugin_Manufacturer=\\\"Viator\\ DSP\\\"",
					"JucePlugin_ManufacturerWebsite=\\\"https://www.patreon.com/ViatorDSP\\\"",
					"JucePlugin_ManufacturerEmail=\\\"viatordsp@gmail.com\\\"",
					"JucePlugin_ManufacturerCode=0x4d616e75",
					"JucePlugin_PluginCode=0x5a77787a",
					"JucePlugin_IsSynth=0",
					"JucePlugin_WantsMidiInput=0",
					"JucePlugin_ProducesMidiOutput=0",
					"JucePlugin_IsMidiEffect=0",
					"JucePlugin_EditorRequiresKeyboardFocus=0",
					"JucePlugin_Version=1.0.0",
					"JucePlugin_VersionCode=0x10000",
					"JucePlugin_VersionString=\\\"1.0.0\\\"",
					"JucePlugin_VSTUniqueID=JucePlugin_PluginCode",
					"JucePlugin_VSTCategory=kPlugCategEffect",
					"JucePlugin_Vst3Category=\\\"Fx\\\"",
					"JucePlugin_AUMainType=\\'aufx\\'",
					"JucePlugin_AUSubType=JucePlugin_PluginCode",
					"JucePlugin_AUExportPrefix=viatordenoiserAU",
					"JucePlugin_AUExportPrefixQuoted=\\\"viatordenoiserAU\\\"",
					"JucePlugin_AUManufacturerCode=JucePlugin_ManufacturerCode",
					"JucePlugin_CFBundleIdentifier=com.ViatorDSP.viatordenoiser",
					"JucePlugin_AAXIdentifier=com.ViatorDSP.viatordenoiser",
					"JucePlugin_AAXManufacturerCode=JucePlugin_ManufacturerCode",
					"JucePlugin_AAXProductId=JucePlugin_PluginCode",
					"JucePlugin_AAXCategory=0",
					"JucePlugin_AAXDisableBypass=0",
					"JucePlugin_AAXDisableMultiMono=0",
					"JucePlugin_IAAType=0x61757278",
					"JucePlugin_IAASubType=JucePlugin_PluginCode",
					"JucePlugin_IAAName=\\\"Viator\\ DSP:\\ Noise-Reducer\\\"",
					"JucePlugin_VSTNumMidiInputs=16",
					"JucePlugin_VSTNumMidiOutputs=16",
					"JucePlugin_ARAContentTypes=0",
					"JucePlugin_ARATransformationFlags=0",
					"JucePlugin_ARAFactoryID=\\\"com.ViatorDSP.viatordenoiser.factory\\\"",
					"JucePlugin_ARADocumentArchiveID=\\\"com.ViatorDSP.viatordenoiser.aradocumentarchive.1.0.0\\\"",
					"JucePlugin_ARACompatibleArchiveIDs=\\\"\\\"",
					"JUCE_STANDALONE_APPLICATION=JucePlugin_Build_Standalone",
					"JUCER_XCODE_MAC_F6D2F4CF=1",
					"JUCE_APP_VERSION=1.0.0",
					"JUCE_APP_VERSION_HEX=0x10000",
				);
				GCC_VERSION = com.apple.compilers.llvm.clang.1_0;
				GENERATE_PKGINFO_FILE = YES;
				HEADER_SEARCH_PATHS = (
					"$(SRCROOT)/../../../modules/JUCE/modules/juce_audio_processors/format_types/VST3_SDK",
					"$(SRCROOT)/../../JuceLibraryCode",
					"$(SRCROOT)/../../JuceLibraryCode/modules",
					"$(SRCROOT)/../../../modules/JUCE/modules",
					"$(SRCROOT)/../../../modules/JUCE/modules/juce_audio_plugin_client/AU",
					"$(inherited)",
				);
				INFOPLIST_FILE = Info-AU.plist;
				INFOPLIST_PREPROCESS = NO;
				INSTALL_PATH = "$(HOME)/Library/Audio/Plug-Ins/Components/";
				LIBRARY_STYLE = Bundle;
				MACOSX_DEPLOYMENT_TARGET = 10.13;
				MTL_HEADER_SEARCH_PATHS = "$(SRCROOT)/../../../modules/JUCE/modules/juce_audio_processors/format_types/VST3_SDK $(SRCROOT)/../../JuceLibraryCode $(SRCROOT)/../../JuceLibraryCode/modules $(SRCROOT)/../../../modules/JUCE/modules $(SRCROOT)/../../../modules/JUCE/modules/juce_audio_plugin_client/AU";
				OTHER_LDFLAGS = "-bundle -lviator-de-noiser -weak_framework Metal -weak_framework MetalKit";
				OTHER_REZFLAGS = "-d ppc_$ppc -d i386_$i386 -d ppc64_$ppc64 -d x86_64_$x86_64 -d arm64_$arm64 -I /System/Library/Frameworks/CoreServices.framework/Frameworks/CarbonCore.framework/Versions/A/Headers -I \"$(DEVELOPER_DIR)/Extras/CoreAudio/AudioUnits/AUPublic/AUBase\" -I \"$(DEVELOPER_DIR)/Platforms/MacOSX.platform/Developer/SDKs/MacOSX.sdk/System/Library/Frameworks/AudioUnit.framework/Headers\"";
				PRODUCT_BUNDLE_IDENTIFIER = com.ViatorDSP.viatordenoiser;
				PRODUCT_NAME = "viator-de-noiser";
				USE_HEADERMAP = NO;
				VALID_ARCHS = "i386 x86_64 arm64 arm64e";
				WRAPPER_EXTENSION = component;
			};
			name = Debug;
		};
		79C024064DBFED26C621D80C /* Release */ = {
			isa = XCBuildConfiguration;
			buildSettings = {
				CLANG_CXX_LANGUAGE_STANDARD = "c++17";
				CLANG_CXX_LIBRARY = "libc++";
				CLANG_LINK_OBJC_RUNTIME = NO;
				COMBINE_HIDPI_IMAGES = YES;
				CONFIGURATION_BUILD_DIR = "$(PROJECT_DIR)/build/$(CONFIGURATION)";
				DEAD_CODE_STRIPPING = YES;
				DEPLOYMENT_LOCATION = YES;
				DSTROOT = /;
				EXCLUDED_ARCHS = "";
				GCC_GENERATE_DEBUGGING_SYMBOLS = NO;
				GCC_OPTIMIZATION_LEVEL = 3;
				GCC_PREPROCESSOR_DEFINITIONS = (
					"_NDEBUG=1",
					"NDEBUG=1",
					"JUCE_DISPLAY_SPLASH_SCREEN=0",
					"JUCE_USE_DARK_SPLASH_SCREEN=1",
					"JUCE_PROJUCER_VERSION=0x70005",
					"JUCE_MODULE_AVAILABLE_juce_audio_basics=1",
					"JUCE_MODULE_AVAILABLE_juce_audio_devices=1",
					"JUCE_MODULE_AVAILABLE_juce_audio_formats=1",
					"JUCE_MODULE_AVAILABLE_juce_audio_plugin_client=1",
					"JUCE_MODULE_AVAILABLE_juce_audio_processors=1",
					"JUCE_MODULE_AVAILABLE_juce_audio_utils=1",
					"JUCE_MODULE_AVAILABLE_juce_core=1",
					"JUCE_MODULE_AVAILABLE_juce_data_structures=1",
					"JUCE_MODULE_AVAILABLE_juce_dsp=1",
					"JUCE_MODULE_AVAILABLE_juce_events=1",
					"JUCE_MODULE_AVAILABLE_juce_graphics=1",
					"JUCE_MODULE_AVAILABLE_juce_gui_basics=1",
					"JUCE_MODULE_AVAILABLE_juce_gui_extra=1",
					"JUCE_MODULE_AVAILABLE_viator_modules=1",
					"JUCE_GLOBAL_MODULE_SETTINGS_INCLUDED=1",
					"JUCE_VST3_CAN_REPLACE_VST2=0",
					"JUCE_STRICT_REFCOUNTEDPOINTER=1",
					"JucePlugin_Build_VST=0",
					"JucePlugin_Build_VST3=0",
					"JucePlugin_Build_AU=1",
					"JucePlugin_Build_AUv3=0",
					"JucePlugin_Build_AAX=0",
					"JucePlugin_Build_Standalone=0",
					"JucePlugin_Build_Unity=0",
					"JucePlugin_Build_LV2=0",
					"JucePlugin_Enable_IAA=0",
					"JucePlugin_Enable_ARA=0",
					"JucePlugin_Name=\\\"Noise-Reducer\\\"",
					"JucePlugin_Desc=\\\"A\\ noise\\ reduction\\ plugin.\\\"",
					"JucePlugin_Manufacturer=\\\"Viator\\ DSP\\\"",
					"JucePlugin_ManufacturerWebsite=\\\"https://www.patreon.com/ViatorDSP\\\"",
					"JucePlugin_ManufacturerEmail=\\\"viatordsp@gmail.com\\\"",
					"JucePlugin_ManufacturerCode=0x4d616e75",
					"JucePlugin_PluginCode=0x5a77787a",
					"JucePlugin_IsSynth=0",
					"JucePlugin_WantsMidiInput=0",
					"JucePlugin_ProducesMidiOutput=0",
					"JucePlugin_IsMidiEffect=0",
					"JucePlugin_EditorRequiresKeyboardFocus=0",
					"JucePlugin_Version=1.0.0",
					"JucePlugin_VersionCode=0x10000",
					"JucePlugin_VersionString=\\\"1.0.0\\\"",
					"JucePlugin_VSTUniqueID=JucePlugin_PluginCode",
					"JucePlugin_VSTCategory=kPlugCategEffect",
					"JucePlugin_Vst3Category=\\\"Fx\\\"",
					"JucePlugin_AUMainType=\\'aufx\\'",
					"JucePlugin_AUSubType=JucePlugin_PluginCode",
					"JucePlugin_AUExportPrefix=viatordenoiserAU",
					"JucePlugin_AUExportPrefixQuoted=\\\"viatordenoiserAU\\\"",
					"JucePlugin_AUManufacturerCode=JucePlugin_ManufacturerCode",
					"JucePlugin_CFBundleIdentifier=com.ViatorDSP.viatordenoiser",
					"JucePlugin_AAXIdentifier=com.ViatorDSP.viatordenoiser",
					"JucePlugin_AAXManufacturerCode=JucePlugin_ManufacturerCode",
					"JucePlugin_AAXProductId=JucePlugin_PluginCode",
					"JucePlugin_AAXCategory=0",
					"JucePlugin_AAXDisableBypass=0",
					"JucePlugin_AAXDisableMultiMono=0",
					"JucePlugin_IAAType=0x61757278",
					"JucePlugin_IAASubType=JucePlugin_PluginCode",
					"JucePlugin_IAAName=\\\"Viator\\ DSP:\\ Noise-Reducer\\\"",
					"JucePlugin_VSTNumMidiInputs=16",
					"JucePlugin_VSTNumMidiOutputs=16",
					"JucePlugin_ARAContentTypes=0",
					"JucePlugin_ARATransformationFlags=0",
					"JucePlugin_ARAFactoryID=\\\"com.ViatorDSP.viatordenoiser.factory\\\"",
					"JucePlugin_ARADocumentArchiveID=\\\"com.ViatorDSP.viatordenoiser.aradocumentarchive.1.0.0\\\"",
					"JucePlugin_ARACompatibleArchiveIDs=\\\"\\\"",
					"JUCE_STANDALONE_APPLICATION=JucePlugin_Build_Standalone",
					"JUCER_XCODE_MAC_F6D2F4CF=1",
					"JUCE_APP_VERSION=1.0.0",
					"JUCE_APP_VERSION_HEX=0x10000",
				);
				GCC_VERSION = com.apple.compilers.llvm.clang.1_0;
				GENERATE_PKGINFO_FILE = YES;
				HEADER_SEARCH_PATHS = (
					"$(SRCROOT)/../../../modules/JUCE/modules/juce_audio_processors/format_types/VST3_SDK",
					"$(SRCROOT)/../../JuceLibraryCode",
					"$(SRCROOT)/../../JuceLibraryCode/modules",
					"$(SRCROOT)/../../../modules/JUCE/modules",
					"$(SRCROOT)/../../../modules/JUCE/modules/juce_audio_plugin_client/AU",
					"$(inherited)",
				);
				INFOPLIST_FILE = Info-AU.plist;
				INFOPLIST_PREPROCESS = NO;
				INSTALL_PATH = "$(HOME)/Library/Audio/Plug-Ins/Components/";
				LIBRARY_STYLE = Bundle;
				LLVM_LTO = YES;
				MACOSX_DEPLOYMENT_TARGET = 10.13;
				MTL_HEADER_SEARCH_PATHS = "$(SRCROOT)/../../../modules/JUCE/modules/juce_audio_processors/format_types/VST3_SDK $(SRCROOT)/../../JuceLibraryCode $(SRCROOT)/../../JuceLibraryCode/modules $(SRCROOT)/../../../modules/JUCE/modules $(SRCROOT)/../../../modules/JUCE/modules/juce_audio_plugin_client/AU";
				OTHER_LDFLAGS = "-bundle -lviator-de-noiser -weak_framework Metal -weak_framework MetalKit";
				OTHER_REZFLAGS = "-d ppc_$ppc -d i386_$i386 -d ppc64_$ppc64 -d x86_64_$x86_64 -d arm64_$arm64 -I /System/Library/Frameworks/CoreServices.framework/Frameworks/CarbonCore.framework/Versions/A/Headers -I \"$(DEVELOPER_DIR)/Extras/CoreAudio/AudioUnits/AUPublic/AUBase\" -I \"$(DEVELOPER_DIR)/Platforms/MacOSX.platform/Developer/SDKs/MacOSX.sdk/System/Library/Frameworks/AudioUnit.framework/Headers\"";
				PRODUCT_BUNDLE_IDENTIFIER = com.ViatorDSP.viatordenoiser;
				PRODUCT_NAME = "viator-de-noiser";
				USE_HEADERMAP = NO;
				VALID_ARCHS = "i386 x86_64 arm64 arm64e";
				WRAPPER_EXTENSION = component;
			};
			name = Release;
		};
		7FF0F111D21322135FB48707 /* Debug */ = {
			isa = XCBuildConfiguration;
			buildSettings = {
				CLANG_CXX_LANGUAGE_STANDARD = "c++17";
				CLANG_CXX_LIBRARY = "libc++";
				CLANG_LINK_OBJC_RUNTIME = NO;
				COMBINE_HIDPI_IMAGES = YES;
				CONFIGURATION_BUILD_DIR = "$(PROJECT_DIR)/build/$(CONFIGURATION)";
				COPY_PHASE_STRIP = NO;
				EXCLUDED_ARCHS = "";
				GCC_DYNAMIC_NO_PIC = NO;
				GCC_OPTIMIZATION_LEVEL = 0;
				GCC_PREPROCESSOR_DEFINITIONS = (
					"_DEBUG=1",
					"DEBUG=1",
					"JUCE_DISPLAY_SPLASH_SCREEN=0",
					"JUCE_USE_DARK_SPLASH_SCREEN=1",
					"JUCE_PROJUCER_VERSION=0x70005",
					"JUCE_MODULE_AVAILABLE_juce_audio_basics=1",
					"JUCE_MODULE_AVAILABLE_juce_audio_devices=1",
					"JUCE_MODULE_AVAILABLE_juce_audio_formats=1",
					"JUCE_MODULE_AVAILABLE_juce_audio_plugin_client=1",
					"JUCE_MODULE_AVAILABLE_juce_audio_processors=1",
					"JUCE_MODULE_AVAILABLE_juce_audio_utils=1",
					"JUCE_MODULE_AVAILABLE_juce_core=1",
					"JUCE_MODULE_AVAILABLE_juce_data_structures=1",
					"JUCE_MODULE_AVAILABLE_juce_dsp=1",
					"JUCE_MODULE_AVAILABLE_juce_events=1",
					"JUCE_MODULE_AVAILABLE_juce_graphics=1",
					"JUCE_MODULE_AVAILABLE_juce_gui_basics=1",
					"JUCE_MODULE_AVAILABLE_juce_gui_extra=1",
					"JUCE_MODULE_AVAILABLE_viator_modules=1",
					"JUCE_GLOBAL_MODULE_SETTINGS_INCLUDED=1",
					"JUCE_VST3_CAN_REPLACE_VST2=0",
					"JUCE_STRICT_REFCOUNTEDPOINTER=1",
					"JucePlugin_Build_VST=0",
					"JucePlugin_Build_VST3=0",
					"JucePlugin_Build_AU=0",
					"JucePlugin_Build_AUv3=0",
					"JucePlugin_Build_AAX=0",
					"JucePlugin_Build_Standalone=1",
					"JucePlugin_Build_Unity=0",
					"JucePlugin_Build_LV2=0",
					"JucePlugin_Enable_IAA=0",
					"JucePlugin_Enable_ARA=0",
					"JucePlugin_Name=\\\"Noise-Reducer\\\"",
					"JucePlugin_Desc=\\\"A\\ noise\\ reduction\\ plugin.\\\"",
					"JucePlugin_Manufacturer=\\\"Viator\\ DSP\\\"",
					"JucePlugin_ManufacturerWebsite=\\\"https://www.patreon.com/ViatorDSP\\\"",
					"JucePlugin_ManufacturerEmail=\\\"viatordsp@gmail.com\\\"",
					"JucePlugin_ManufacturerCode=0x4d616e75",
					"JucePlugin_PluginCode=0x5a77787a",
					"JucePlugin_IsSynth=0",
					"JucePlugin_WantsMidiInput=0",
					"JucePlugin_ProducesMidiOutput=0",
					"JucePlugin_IsMidiEffect=0",
					"JucePlugin_EditorRequiresKeyboardFocus=0",
					"JucePlugin_Version=1.0.0",
					"JucePlugin_VersionCode=0x10000",
					"JucePlugin_VersionString=\\\"1.0.0\\\"",
					"JucePlugin_VSTUniqueID=JucePlugin_PluginCode",
					"JucePlugin_VSTCategory=kPlugCategEffect",
					"JucePlugin_Vst3Category=\\\"Fx\\\"",
					"JucePlugin_AUMainType=\\'aufx\\'",
					"JucePlugin_AUSubType=JucePlugin_PluginCode",
					"JucePlugin_AUExportPrefix=viatordenoiserAU",
					"JucePlugin_AUExportPrefixQuoted=\\\"viatordenoiserAU\\\"",
					"JucePlugin_AUManufacturerCode=JucePlugin_ManufacturerCode",
					"JucePlugin_CFBundleIdentifier=com.ViatorDSP.viatordenoiser",
					"JucePlugin_AAXIdentifier=com.ViatorDSP.viatordenoiser",
					"JucePlugin_AAXManufacturerCode=JucePlugin_ManufacturerCode",
					"JucePlugin_AAXProductId=JucePlugin_PluginCode",
					"JucePlugin_AAXCategory=0",
					"JucePlugin_AAXDisableBypass=0",
					"JucePlugin_AAXDisableMultiMono=0",
					"JucePlugin_IAAType=0x61757278",
					"JucePlugin_IAASubType=JucePlugin_PluginCode",
					"JucePlugin_IAAName=\\\"Viator\\ DSP:\\ Noise-Reducer\\\"",
					"JucePlugin_VSTNumMidiInputs=16",
					"JucePlugin_VSTNumMidiOutputs=16",
					"JucePlugin_ARAContentTypes=0",
					"JucePlugin_ARATransformationFlags=0",
					"JucePlugin_ARAFactoryID=\\\"com.ViatorDSP.viatordenoiser.factory\\\"",
					"JucePlugin_ARADocumentArchiveID=\\\"com.ViatorDSP.viatordenoiser.aradocumentarchive.1.0.0\\\"",
					"JucePlugin_ARACompatibleArchiveIDs=\\\"\\\"",
					"JUCE_STANDALONE_APPLICATION=JucePlugin_Build_Standalone",
					"JUCER_XCODE_MAC_F6D2F4CF=1",
					"JUCE_APP_VERSION=1.0.0",
					"JUCE_APP_VERSION_HEX=0x10000",
				);
				GCC_VERSION = com.apple.compilers.llvm.clang.1_0;
				HEADER_SEARCH_PATHS = (
					"$(SRCROOT)/../../../modules/JUCE/modules/juce_audio_processors/format_types/VST3_SDK",
					"$(SRCROOT)/../../JuceLibraryCode",
					"$(SRCROOT)/../../JuceLibraryCode/modules",
					"$(SRCROOT)/../../../modules/JUCE/modules",
					"$(SRCROOT)/../../../modules/JUCE/modules/juce_audio_plugin_client/AU",
					"$(inherited)",
				);
				INFOPLIST_FILE = Info-Standalone_Plugin.plist;
				INFOPLIST_PREPROCESS = NO;
				MACOSX_DEPLOYMENT_TARGET = 10.13;
				MTL_HEADER_SEARCH_PATHS = "$(SRCROOT)/../../../modules/JUCE/modules/juce_audio_processors/format_types/VST3_SDK $(SRCROOT)/../../JuceLibraryCode $(SRCROOT)/../../JuceLibraryCode/modules $(SRCROOT)/../../../modules/JUCE/modules $(SRCROOT)/../../../modules/JUCE/modules/juce_audio_plugin_client/AU";
				OTHER_LDFLAGS = "-lviator-de-noiser -weak_framework Metal -weak_framework MetalKit";
				PRODUCT_BUNDLE_IDENTIFIER = com.ViatorDSP.viatordenoiser;
				PRODUCT_NAME = "viator-de-noiser";
				USE_HEADERMAP = NO;
				VALID_ARCHS = "i386 x86_64 arm64 arm64e";
			};
			name = Debug;
		};
		9B2F475BA61A674415445752 /* Release */ = {
			isa = XCBuildConfiguration;
			buildSettings = {
				ALWAYS_SEARCH_USER_PATHS = NO;
				CLANG_ENABLE_OBJC_WEAK = YES;
				CLANG_WARN_BLOCK_CAPTURE_AUTORELEASING = YES;
				CLANG_WARN_BOOL_CONVERSION = YES;
				CLANG_WARN_COMMA = YES;
				CLANG_WARN_CONSTANT_CONVERSION = YES;
				CLANG_WARN_DEPRECATED_OBJC_IMPLEMENTATIONS = YES;
				CLANG_WARN_EMPTY_BODY = YES;
				CLANG_WARN_ENUM_CONVERSION = YES;
				CLANG_WARN_INFINITE_RECURSION = YES;
				CLANG_WARN_INT_CONVERSION = YES;
				CLANG_WARN_NON_LITERAL_NULL_CONVERSION = YES;
				CLANG_WARN_OBJC_IMPLICIT_RETAIN_SELF = YES;
				CLANG_WARN_OBJC_LITERAL_CONVERSION = YES;
				CLANG_WARN_RANGE_LOOP_ANALYSIS = YES;
				CLANG_WARN_STRICT_PROTOTYPES = YES;
				CLANG_WARN_SUSPICIOUS_MOVE = YES;
				CLANG_WARN_UNREACHABLE_CODE = YES;
				CLANG_WARN__DUPLICATE_METHOD_MATCH = YES;
				DEBUG_INFORMATION_FORMAT = dwarf;
				ENABLE_STRICT_OBJC_MSGSEND = YES;
				ENABLE_TESTABILITY = NO;
				GCC_C_LANGUAGE_STANDARD = c11;
				GCC_INLINES_ARE_PRIVATE_EXTERN = YES;
				GCC_MODEL_TUNING = G5;
				GCC_NO_COMMON_BLOCKS = YES;
				GCC_SYMBOLS_PRIVATE_EXTERN = YES;
				GCC_WARN_64_TO_32_BIT_CONVERSION = YES;
				GCC_WARN_ABOUT_RETURN_TYPE = YES;
				GCC_WARN_CHECK_SWITCH_STATEMENTS = YES;
				GCC_WARN_MISSING_PARENTHESES = YES;
				GCC_WARN_NON_VIRTUAL_DESTRUCTOR = YES;
				GCC_WARN_TYPECHECK_CALLS_TO_PRINTF = YES;
				GCC_WARN_UNDECLARED_SELECTOR = YES;
				GCC_WARN_UNINITIALIZED_AUTOS = YES;
				GCC_WARN_UNUSED_FUNCTION = YES;
				GCC_WARN_UNUSED_VARIABLE = YES;
				PRODUCT_NAME = "viator-de-noiser";
				SDKROOT = macosx;
				WARNING_CFLAGS = "-Wreorder";
				ZERO_LINK = NO;
			};
			name = Release;
		};
		B61575B31245B66D5E583A49 /* Debug */ = {
			isa = XCBuildConfiguration;
			buildSettings = {
				MACOSX_DEPLOYMENT_TARGET = 10.13;
				SDKROOT = macosx;
			};
			name = Debug;
		};
		C75799F957CCCCBDD682BA63 /* Debug */ = {
			isa = XCBuildConfiguration;
			buildSettings = {
				ALWAYS_SEARCH_USER_PATHS = NO;
				CLANG_ENABLE_OBJC_WEAK = YES;
				CLANG_WARN_BLOCK_CAPTURE_AUTORELEASING = YES;
				CLANG_WARN_BOOL_CONVERSION = YES;
				CLANG_WARN_COMMA = YES;
				CLANG_WARN_CONSTANT_CONVERSION = YES;
				CLANG_WARN_DEPRECATED_OBJC_IMPLEMENTATIONS = YES;
				CLANG_WARN_EMPTY_BODY = YES;
				CLANG_WARN_ENUM_CONVERSION = YES;
				CLANG_WARN_INFINITE_RECURSION = YES;
				CLANG_WARN_INT_CONVERSION = YES;
				CLANG_WARN_NON_LITERAL_NULL_CONVERSION = YES;
				CLANG_WARN_OBJC_IMPLICIT_RETAIN_SELF = YES;
				CLANG_WARN_OBJC_LITERAL_CONVERSION = YES;
				CLANG_WARN_RANGE_LOOP_ANALYSIS = YES;
				CLANG_WARN_STRICT_PROTOTYPES = YES;
				CLANG_WARN_SUSPICIOUS_MOVE = YES;
				CLANG_WARN_UNREACHABLE_CODE = YES;
				CLANG_WARN__DUPLICATE_METHOD_MATCH = YES;
				DEBUG_INFORMATION_FORMAT = dwarf;
				ENABLE_STRICT_OBJC_MSGSEND = YES;
				ENABLE_TESTABILITY = NO;
				GCC_C_LANGUAGE_STANDARD = c11;
				GCC_INLINES_ARE_PRIVATE_EXTERN = YES;
				GCC_MODEL_TUNING = G5;
				GCC_NO_COMMON_BLOCKS = YES;
				GCC_SYMBOLS_PRIVATE_EXTERN = YES;
				GCC_WARN_64_TO_32_BIT_CONVERSION = YES;
				GCC_WARN_ABOUT_RETURN_TYPE = YES;
				GCC_WARN_CHECK_SWITCH_STATEMENTS = YES;
				GCC_WARN_MISSING_PARENTHESES = YES;
				GCC_WARN_NON_VIRTUAL_DESTRUCTOR = YES;
				GCC_WARN_TYPECHECK_CALLS_TO_PRINTF = YES;
				GCC_WARN_UNDECLARED_SELECTOR = YES;
				GCC_WARN_UNINITIALIZED_AUTOS = YES;
				GCC_WARN_UNUSED_FUNCTION = YES;
				GCC_WARN_UNUSED_VARIABLE = YES;
				ONLY_ACTIVE_ARCH = YES;
				PRODUCT_NAME = "viator-de-noiser";
				SDKROOT = macosx;
				WARNING_CFLAGS = "-Wreorder";
				ZERO_LINK = NO;
			};
			name = Debug;
		};
		DB7412CF4F0444A124893462 /* Release */ = {
			isa = XCBuildConfiguration;
			buildSettings = {
				CLANG_CXX_LANGUAGE_STANDARD = "c++17";
				CLANG_CXX_LIBRARY = "libc++";
				CLANG_LINK_OBJC_RUNTIME = NO;
				COMBINE_HIDPI_IMAGES = YES;
				CONFIGURATION_BUILD_DIR = "$(PROJECT_DIR)/build/$(CONFIGURATION)";
				DEAD_CODE_STRIPPING = YES;
				EXCLUDED_ARCHS = "";
				GCC_GENERATE_DEBUGGING_SYMBOLS = NO;
				GCC_OPTIMIZATION_LEVEL = 3;
				GCC_PREPROCESSOR_DEFINITIONS = (
					"_NDEBUG=1",
					"NDEBUG=1",
					"JUCE_DISPLAY_SPLASH_SCREEN=0",
					"JUCE_USE_DARK_SPLASH_SCREEN=1",
					"JUCE_PROJUCER_VERSION=0x70005",
					"JUCE_MODULE_AVAILABLE_juce_audio_basics=1",
					"JUCE_MODULE_AVAILABLE_juce_audio_devices=1",
					"JUCE_MODULE_AVAILABLE_juce_audio_formats=1",
					"JUCE_MODULE_AVAILABLE_juce_audio_plugin_client=1",
					"JUCE_MODULE_AVAILABLE_juce_audio_processors=1",
					"JUCE_MODULE_AVAILABLE_juce_audio_utils=1",
					"JUCE_MODULE_AVAILABLE_juce_core=1",
					"JUCE_MODULE_AVAILABLE_juce_data_structures=1",
					"JUCE_MODULE_AVAILABLE_juce_dsp=1",
					"JUCE_MODULE_AVAILABLE_juce_events=1",
					"JUCE_MODULE_AVAILABLE_juce_graphics=1",
					"JUCE_MODULE_AVAILABLE_juce_gui_basics=1",
					"JUCE_MODULE_AVAILABLE_juce_gui_extra=1",
					"JUCE_MODULE_AVAILABLE_viator_modules=1",
					"JUCE_GLOBAL_MODULE_SETTINGS_INCLUDED=1",
					"JUCE_VST3_CAN_REPLACE_VST2=0",
					"JUCE_STRICT_REFCOUNTEDPOINTER=1",
					"JucePlugin_Build_VST=0",
					"JucePlugin_Build_VST3=0",
					"JucePlugin_Build_AU=0",
					"JucePlugin_Build_AUv3=0",
					"JucePlugin_Build_AAX=0",
					"JucePlugin_Build_Standalone=1",
					"JucePlugin_Build_Unity=0",
					"JucePlugin_Build_LV2=0",
					"JucePlugin_Enable_IAA=0",
					"JucePlugin_Enable_ARA=0",
					"JucePlugin_Name=\\\"Noise-Reducer\\\"",
					"JucePlugin_Desc=\\\"A\\ noise\\ reduction\\ plugin.\\\"",
					"JucePlugin_Manufacturer=\\\"Viator\\ DSP\\\"",
					"JucePlugin_ManufacturerWebsite=\\\"https://www.patreon.com/ViatorDSP\\\"",
					"JucePlugin_ManufacturerEmail=\\\"viatordsp@gmail.com\\\"",
					"JucePlugin_ManufacturerCode=0x4d616e75",
					"JucePlugin_PluginCode=0x5a77787a",
					"JucePlugin_IsSynth=0",
					"JucePlugin_WantsMidiInput=0",
					"JucePlugin_ProducesMidiOutput=0",
					"JucePlugin_IsMidiEffect=0",
					"JucePlugin_EditorRequiresKeyboardFocus=0",
					"JucePlugin_Version=1.0.0",
					"JucePlugin_VersionCode=0x10000",
					"JucePlugin_VersionString=\\\"1.0.0\\\"",
					"JucePlugin_VSTUniqueID=JucePlugin_PluginCode",
					"JucePlugin_VSTCategory=kPlugCategEffect",
					"JucePlugin_Vst3Category=\\\"Fx\\\"",
					"JucePlugin_AUMainType=\\'aufx\\'",
					"JucePlugin_AUSubType=JucePlugin_PluginCode",
					"JucePlugin_AUExportPrefix=viatordenoiserAU",
					"JucePlugin_AUExportPrefixQuoted=\\\"viatordenoiserAU\\\"",
					"JucePlugin_AUManufacturerCode=JucePlugin_ManufacturerCode",
					"JucePlugin_CFBundleIdentifier=com.ViatorDSP.viatordenoiser",
					"JucePlugin_AAXIdentifier=com.ViatorDSP.viatordenoiser",
					"JucePlugin_AAXManufacturerCode=JucePlugin_ManufacturerCode",
					"JucePlugin_AAXProductId=JucePlugin_PluginCode",
					"JucePlugin_AAXCategory=0",
					"JucePlugin_AAXDisableBypass=0",
					"JucePlugin_AAXDisableMultiMono=0",
					"JucePlugin_IAAType=0x61757278",
					"JucePlugin_IAASubType=JucePlugin_PluginCode",
					"JucePlugin_IAAName=\\\"Viator\\ DSP:\\ Noise-Reducer\\\"",
					"JucePlugin_VSTNumMidiInputs=16",
					"JucePlugin_VSTNumMidiOutputs=16",
					"JucePlugin_ARAContentTypes=0",
					"JucePlugin_ARATransformationFlags=0",
					"JucePlugin_ARAFactoryID=\\\"com.ViatorDSP.viatordenoiser.factory\\\"",
					"JucePlugin_ARADocumentArchiveID=\\\"com.ViatorDSP.viatordenoiser.aradocumentarchive.1.0.0\\\"",
					"JucePlugin_ARACompatibleArchiveIDs=\\\"\\\"",
					"JUCE_STANDALONE_APPLICATION=JucePlugin_Build_Standalone",
					"JUCER_XCODE_MAC_F6D2F4CF=1",
					"JUCE_APP_VERSION=1.0.0",
					"JUCE_APP_VERSION_HEX=0x10000",
				);
				GCC_VERSION = com.apple.compilers.llvm.clang.1_0;
				HEADER_SEARCH_PATHS = (
					"$(SRCROOT)/../../../modules/JUCE/modules/juce_audio_processors/format_types/VST3_SDK",
					"$(SRCROOT)/../../JuceLibraryCode",
					"$(SRCROOT)/../../JuceLibraryCode/modules",
					"$(SRCROOT)/../../../modules/JUCE/modules",
					"$(SRCROOT)/../../../modules/JUCE/modules/juce_audio_plugin_client/AU",
					"$(inherited)",
				);
				INFOPLIST_FILE = Info-Standalone_Plugin.plist;
				INFOPLIST_PREPROCESS = NO;
				LLVM_LTO = YES;
				MACOSX_DEPLOYMENT_TARGET = 10.13;
				MTL_HEADER_SEARCH_PATHS = "$(SRCROOT)/../../../modules/JUCE/modules/juce_audio_processors/format_types/VST3_SDK $(SRCROOT)/../../JuceLibraryCode $(SRCROOT)/../../JuceLibraryCode/modules $(SRCROOT)/../../../modules/JUCE/modules $(SRCROOT)/../../../modules/JUCE/modules/juce_audio_plugin_client/AU";
				OTHER_LDFLAGS = "-lviator-de-noiser -weak_framework Metal -weak_framework MetalKit";
				PRODUCT_BUNDLE_IDENTIFIER = com.ViatorDSP.viatordenoiser;
				PRODUCT_NAME = "viator-de-noiser";
				USE_HEADERMAP = NO;
				VALID_ARCHS = "i386 x86_64 arm64 arm64e";
			};
			name = Release;
		};
		E79E4124D8750AB02EB8AF1A /* Release */ = {
			isa = XCBuildConfiguration;
			buildSettings = {
				CLANG_CXX_LANGUAGE_STANDARD = "c++17";
				CLANG_CXX_LIBRARY = "libc++";
				CLANG_LINK_OBJC_RUNTIME = NO;
				COMBINE_HIDPI_IMAGES = YES;
				CONFIGURATION_BUILD_DIR = "$(PROJECT_DIR)/build/$(CONFIGURATION)";
				DEAD_CODE_STRIPPING = YES;
				DEPLOYMENT_LOCATION = YES;
				DSTROOT = /;
				EXCLUDED_ARCHS = "";
				GCC_GENERATE_DEBUGGING_SYMBOLS = NO;
				GCC_OPTIMIZATION_LEVEL = 3;
				GCC_PREPROCESSOR_DEFINITIONS = (
					"_NDEBUG=1",
					"NDEBUG=1",
					"JUCE_DISPLAY_SPLASH_SCREEN=0",
					"JUCE_USE_DARK_SPLASH_SCREEN=1",
					"JUCE_PROJUCER_VERSION=0x70005",
					"JUCE_MODULE_AVAILABLE_juce_audio_basics=1",
					"JUCE_MODULE_AVAILABLE_juce_audio_devices=1",
					"JUCE_MODULE_AVAILABLE_juce_audio_formats=1",
					"JUCE_MODULE_AVAILABLE_juce_audio_plugin_client=1",
					"JUCE_MODULE_AVAILABLE_juce_audio_processors=1",
					"JUCE_MODULE_AVAILABLE_juce_audio_utils=1",
					"JUCE_MODULE_AVAILABLE_juce_core=1",
					"JUCE_MODULE_AVAILABLE_juce_data_structures=1",
					"JUCE_MODULE_AVAILABLE_juce_dsp=1",
					"JUCE_MODULE_AVAILABLE_juce_events=1",
					"JUCE_MODULE_AVAILABLE_juce_graphics=1",
					"JUCE_MODULE_AVAILABLE_juce_gui_basics=1",
					"JUCE_MODULE_AVAILABLE_juce_gui_extra=1",
					"JUCE_MODULE_AVAILABLE_viator_modules=1",
					"JUCE_GLOBAL_MODULE_SETTINGS_INCLUDED=1",
					"JUCE_VST3_CAN_REPLACE_VST2=0",
					"JUCE_STRICT_REFCOUNTEDPOINTER=1",
					"JucePlugin_Build_VST=0",
					"JucePlugin_Build_VST3=1",
					"JucePlugin_Build_AU=0",
					"JucePlugin_Build_AUv3=0",
					"JucePlugin_Build_AAX=0",
					"JucePlugin_Build_Standalone=0",
					"JucePlugin_Build_Unity=0",
					"JucePlugin_Build_LV2=0",
					"JucePlugin_Enable_IAA=0",
					"JucePlugin_Enable_ARA=0",
					"JucePlugin_Name=\\\"Noise-Reducer\\\"",
					"JucePlugin_Desc=\\\"A\\ noise\\ reduction\\ plugin.\\\"",
					"JucePlugin_Manufacturer=\\\"Viator\\ DSP\\\"",
					"JucePlugin_ManufacturerWebsite=\\\"https://www.patreon.com/ViatorDSP\\\"",
					"JucePlugin_ManufacturerEmail=\\\"viatordsp@gmail.com\\\"",
					"JucePlugin_ManufacturerCode=0x4d616e75",
					"JucePlugin_PluginCode=0x5a77787a",
					"JucePlugin_IsSynth=0",
					"JucePlugin_WantsMidiInput=0",
					"JucePlugin_ProducesMidiOutput=0",
					"JucePlugin_IsMidiEffect=0",
					"JucePlugin_EditorRequiresKeyboardFocus=0",
					"JucePlugin_Version=1.0.0",
					"JucePlugin_VersionCode=0x10000",
					"JucePlugin_VersionString=\\\"1.0.0\\\"",
					"JucePlugin_VSTUniqueID=JucePlugin_PluginCode",
					"JucePlugin_VSTCategory=kPlugCategEffect",
					"JucePlugin_Vst3Category=\\\"Fx\\\"",
					"JucePlugin_AUMainType=\\'aufx\\'",
					"JucePlugin_AUSubType=JucePlugin_PluginCode",
					"JucePlugin_AUExportPrefix=viatordenoiserAU",
					"JucePlugin_AUExportPrefixQuoted=\\\"viatordenoiserAU\\\"",
					"JucePlugin_AUManufacturerCode=JucePlugin_ManufacturerCode",
					"JucePlugin_CFBundleIdentifier=com.ViatorDSP.viatordenoiser",
					"JucePlugin_AAXIdentifier=com.ViatorDSP.viatordenoiser",
					"JucePlugin_AAXManufacturerCode=JucePlugin_ManufacturerCode",
					"JucePlugin_AAXProductId=JucePlugin_PluginCode",
					"JucePlugin_AAXCategory=0",
					"JucePlugin_AAXDisableBypass=0",
					"JucePlugin_AAXDisableMultiMono=0",
					"JucePlugin_IAAType=0x61757278",
					"JucePlugin_IAASubType=JucePlugin_PluginCode",
					"JucePlugin_IAAName=\\\"Viator\\ DSP:\\ Noise-Reducer\\\"",
					"JucePlugin_VSTNumMidiInputs=16",
					"JucePlugin_VSTNumMidiOutputs=16",
					"JucePlugin_ARAContentTypes=0",
					"JucePlugin_ARATransformationFlags=0",
					"JucePlugin_ARAFactoryID=\\\"com.ViatorDSP.viatordenoiser.factory\\\"",
					"JucePlugin_ARADocumentArchiveID=\\\"com.ViatorDSP.viatordenoiser.aradocumentarchive.1.0.0\\\"",
					"JucePlugin_ARACompatibleArchiveIDs=\\\"\\\"",
					"JUCE_STANDALONE_APPLICATION=JucePlugin_Build_Standalone",
					"JUCER_XCODE_MAC_F6D2F4CF=1",
					"JUCE_APP_VERSION=1.0.0",
					"JUCE_APP_VERSION_HEX=0x10000",
				);
				GCC_VERSION = com.apple.compilers.llvm.clang.1_0;
				GENERATE_PKGINFO_FILE = YES;
				HEADER_SEARCH_PATHS = (
					"$(SRCROOT)/../../../modules/JUCE/modules/juce_audio_processors/format_types/VST3_SDK",
					"$(SRCROOT)/../../JuceLibraryCode",
					"$(SRCROOT)/../../JuceLibraryCode/modules",
					"$(SRCROOT)/../../../modules/JUCE/modules",
					"$(SRCROOT)/../../../modules/JUCE/modules/juce_audio_plugin_client/AU",
					"$(inherited)",
				);
				INFOPLIST_FILE = Info-VST3.plist;
				INFOPLIST_PREPROCESS = NO;
				INSTALL_PATH = "$(HOME)/Library/Audio/Plug-Ins/VST3/";
				LIBRARY_STYLE = Bundle;
				LLVM_LTO = YES;
				MACOSX_DEPLOYMENT_TARGET = 10.13;
				MTL_HEADER_SEARCH_PATHS = "$(SRCROOT)/../../../modules/JUCE/modules/juce_audio_processors/format_types/VST3_SDK $(SRCROOT)/../../JuceLibraryCode $(SRCROOT)/../../JuceLibraryCode/modules $(SRCROOT)/../../../modules/JUCE/modules $(SRCROOT)/../../../modules/JUCE/modules/juce_audio_plugin_client/AU";
				OTHER_LDFLAGS = "-bundle -lviator-de-noiser -weak_framework Metal -weak_framework MetalKit";
				PRODUCT_BUNDLE_IDENTIFIER = com.ViatorDSP.viatordenoiser;
				PRODUCT_NAME = "viator-de-noiser";
				USE_HEADERMAP = NO;
				VALID_ARCHS = "i386 x86_64 arm64 arm64e";
				WRAPPER_EXTENSION = vst3;
			};
			name = Release;
		};
/* End XCBuildConfiguration section */

/* Begin XCConfigurationList section */
		0F53C70E418491585EE52D6B = {
			isa = XCConfigurationList;
			buildConfigurations = (
				5C1786523EA27A2D0E329163,
				79C024064DBFED26C621D80C,
			);
			defaultConfigurationIsVisible = 0;
			defaultConfigurationName = Debug;
		};
		A0779F6B9D45E3E3D45E51FD = {
			isa = XCConfigurationList;
			buildConfigurations = (
				21D6F6D5C8D862980BB695BA,
				E79E4124D8750AB02EB8AF1A,
			);
			defaultConfigurationIsVisible = 0;
			defaultConfigurationName = Debug;
		};
		B31FE1F9B032CD499D2B1A69 = {
			isa = XCConfigurationList;
			buildConfigurations = (
				7FF0F111D21322135FB48707,
				DB7412CF4F0444A124893462,
			);
			defaultConfigurationIsVisible = 0;
			defaultConfigurationName = Debug;
		};
		D4E1C29068E055AD5B7DDB42 = {
			isa = XCConfigurationList;
			buildConfigurations = (
				55A4E981926D18C5401EE904,
				5BACDE4A17E34DE038294DEE,
			);
			defaultConfigurationIsVisible = 0;
			defaultConfigurationName = Debug;
		};
		E909A6C7B4858F1269F3F119 = {
			isa = XCConfigurationList;
			buildConfigurations = (
				9B2F475BA61A674415445752,
				C75799F957CCCCBDD682BA63,
			);
			defaultConfigurationIsVisible = 0;
			defaultConfigurationName = Debug;
		};
		F60B2BD60850AB341BB909D1 = {
			isa = XCConfigurationList;
			buildConfigurations = (
				B61575B31245B66D5E583A49,
				2DFC3475413E367CA4597E3E,
			);
			defaultConfigurationIsVisible = 0;
			defaultConfigurationName = Debug;
		};
/* End XCConfigurationList section */
	};
	rootObject = EEC8F66EF3DDAFCE4E4D27DF /* Project object */;
}
